{
  "version": 4,
  "terraform_version": "1.7.0",
  "serial": 1156,
  "lineage": "d72fa823-3790-46ac-f81e-310cfd7bb982",
  "outputs": {},
  "resources": [
    {
      "mode": "managed",
      "type": "aws_iam_role",
      "name": "cluster_role",
      "provider": "provider[\"registry.terraform.io/hashicorp/aws\"]",
      "instances": [
        {
          "schema_version": 0,
          "attributes": {
            "arn": "arn:aws:iam::453231788378:role/cluster_role",
            "assume_role_policy": "{\"Statement\":[{\"Action\":\"sts:AssumeRole\",\"Effect\":\"Allow\",\"Principal\":{\"Service\":\"eks.amazonaws.com\"},\"Sid\":\"\"}],\"Version\":\"2012-10-17\"}",
            "create_date": "2024-06-17T16:48:39Z",
            "description": "",
            "force_detach_policies": false,
            "id": "cluster_role",
            "inline_policy": [],
            "managed_policy_arns": [],
            "max_session_duration": 3600,
            "name": "cluster_role",
            "name_prefix": "",
            "path": "/",
            "permissions_boundary": "",
            "tags": null,
            "tags_all": {},
            "unique_id": "AROAWTBVYIFNFIGGIEVTT"
          },
          "sensitive_attributes": [],
          "private": "bnVsbA=="
        }
      ]
    },
    {
      "mode": "managed",
      "type": "aws_instance",
      "name": "jenkins_server",
      "provider": "provider[\"registry.terraform.io/hashicorp/aws\"]",
      "instances": [
        {
          "schema_version": 1,
          "attributes": {
            "ami": "ami-03f4878755434977f",
            "arn": "arn:aws:ec2:ap-south-1:453231788378:instance/i-0707be7a2eb0e14a1",
            "associate_public_ip_address": true,
            "availability_zone": "ap-south-1a",
            "capacity_reservation_specification": [
              {
                "capacity_reservation_preference": "open",
                "capacity_reservation_target": []
              }
            ],
            "cpu_core_count": 2,
            "cpu_options": [
              {
                "amd_sev_snp": "",
                "core_count": 2,
                "threads_per_core": 1
              }
            ],
            "cpu_threads_per_core": 1,
            "credit_specification": [
              {
                "cpu_credits": "standard"
              }
            ],
            "disable_api_stop": false,
            "disable_api_termination": false,
            "ebs_block_device": [
              {
                "delete_on_termination": true,
                "device_name": "/dev/sda1",
                "encrypted": false,
                "iops": 100,
                "kms_key_id": "",
                "snapshot_id": "",
                "tags": {},
                "tags_all": {},
                "throughput": 0,
                "volume_id": "vol-0ecdad697ddebe384",
                "volume_size": 16,
                "volume_type": "gp2"
              }
            ],
            "ebs_optimized": false,
            "enclave_options": [
              {
                "enabled": false
              }
            ],
            "ephemeral_block_device": [],
            "get_password_data": false,
            "hibernation": false,
            "host_id": "",
            "host_resource_group_arn": null,
            "iam_instance_profile": "",
            "id": "i-0707be7a2eb0e14a1",
            "instance_initiated_shutdown_behavior": "stop",
            "instance_lifecycle": "",
            "instance_market_options": [],
            "instance_state": "running",
            "instance_type": "t2.large",
            "ipv6_address_count": 0,
            "ipv6_addresses": [],
            "key_name": "webserverkeypair",
            "launch_template": [],
            "maintenance_options": [
              {
                "auto_recovery": "default"
              }
            ],
            "metadata_options": [
              {
                "http_endpoint": "enabled",
                "http_protocol_ipv6": "disabled",
                "http_put_response_hop_limit": 1,
                "http_tokens": "optional",
                "instance_metadata_tags": "disabled"
              }
            ],
            "monitoring": false,
            "network_interface": [],
            "outpost_arn": "",
            "password_data": "",
            "placement_group": "",
            "placement_partition_number": 0,
            "primary_network_interface_id": "eni-02646935d726153b9",
            "private_dns": "ip-172-31-42-42.ap-south-1.compute.internal",
            "private_dns_name_options": [
              {
                "enable_resource_name_dns_a_record": false,
                "enable_resource_name_dns_aaaa_record": false,
                "hostname_type": "ip-name"
              }
            ],
            "private_ip": "172.31.42.42",
            "public_dns": "ec2-65-2-175-12.ap-south-1.compute.amazonaws.com",
            "public_ip": "65.2.175.12",
            "root_block_device": [
              {
                "delete_on_termination": true,
                "device_name": "/dev/sda1",
                "encrypted": false,
                "iops": 100,
                "kms_key_id": "",
                "tags": {},
                "tags_all": {},
                "throughput": 0,
                "volume_id": "vol-0ecdad697ddebe384",
                "volume_size": 16,
                "volume_type": "gp2"
              }
            ],
            "secondary_private_ips": [],
            "security_groups": [
              "My-CustomSG"
            ],
            "source_dest_check": true,
            "spot_instance_request_id": "",
            "subnet_id": "subnet-00f6193907426233d",
            "tags": {
              "Name": "JenkinsServer"
            },
            "tags_all": {
              "Name": "JenkinsServer"
            },
            "tenancy": "default",
            "timeouts": null,
            "user_data": "150d55252d2e82d222fe635a1358fe5b0d85692a",
            "user_data_base64": null,
            "user_data_replace_on_change": false,
            "volume_tags": null,
            "vpc_security_group_ids": [
              "sg-026bfeb334a437801"
            ]
          },
          "sensitive_attributes": [],
          "private": "eyJlMmJmYjczMC1lY2FhLTExZTYtOGY4OC0zNDM2M2JjN2M0YzAiOnsiY3JlYXRlIjo2MDAwMDAwMDAwMDAsImRlbGV0ZSI6MTIwMDAwMDAwMDAwMCwicmVhZCI6OTAwMDAwMDAwMDAwLCJ1cGRhdGUiOjYwMDAwMDAwMDAwMH0sInNjaGVtYV92ZXJzaW9uIjoiMSJ9"
        }
      ]
    },
    {
      "module": "module.eks",
      "mode": "data",
      "type": "aws_caller_identity",
      "name": "current",
      "provider": "provider[\"registry.terraform.io/hashicorp/aws\"]",
      "instances": [
        {
          "schema_version": 0,
          "attributes": {
            "account_id": "453231788378",
            "arn": "arn:aws:iam::453231788378:user/MyCrystalRoot-IAM",
            "id": "453231788378",
            "user_id": "AIDAWTBVYIFNCUBNE5MHZ"
          },
          "sensitive_attributes": []
        }
      ]
    },
    {
      "module": "module.eks",
      "mode": "data",
      "type": "aws_eks_addon_version",
      "name": "this",
      "provider": "provider[\"registry.terraform.io/hashicorp/aws\"]",
      "instances": [
        {
          "index_key": "coredns",
          "schema_version": 0,
          "attributes": {
            "addon_name": "coredns",
            "id": "coredns",
            "kubernetes_version": "1.29",
            "most_recent": true,
            "version": "v1.11.1-eksbuild.9"
          },
          "sensitive_attributes": []
        },
        {
          "index_key": "kube-proxy",
          "schema_version": 0,
          "attributes": {
            "addon_name": "kube-proxy",
            "id": "kube-proxy",
            "kubernetes_version": "1.29",
            "most_recent": true,
            "version": "v1.29.3-eksbuild.5"
          },
          "sensitive_attributes": []
        },
        {
          "index_key": "vpc-cni",
          "schema_version": 0,
          "attributes": {
            "addon_name": "vpc-cni",
            "id": "vpc-cni",
            "kubernetes_version": "1.29",
            "most_recent": true,
            "version": "v1.18.2-eksbuild.1"
          },
          "sensitive_attributes": []
        }
      ]
    },
    {
      "module": "module.eks",
      "mode": "data",
      "type": "aws_iam_policy_document",
      "name": "assume_role_policy",
      "provider": "provider[\"registry.terraform.io/hashicorp/aws\"]",
      "instances": [
        {
          "index_key": 0,
          "schema_version": 0,
          "attributes": {
            "id": "1530481229",
            "json": "{\n  \"Version\": \"2012-10-17\",\n  \"Statement\": [\n    {\n      \"Sid\": \"EKSClusterAssumeRole\",\n      \"Effect\": \"Allow\",\n      \"Action\": \"sts:AssumeRole\",\n      \"Principal\": {\n        \"Service\": \"eks.amazonaws.com\"\n      }\n    }\n  ]\n}",
            "override_json": null,
            "override_policy_documents": null,
            "policy_id": null,
            "source_json": null,
            "source_policy_documents": null,
            "statement": [
              {
                "actions": [
                  "sts:AssumeRole"
                ],
                "condition": [],
                "effect": "Allow",
                "not_actions": [],
                "not_principals": [],
                "not_resources": [],
                "principals": [
                  {
                    "identifiers": [
                      "eks.amazonaws.com"
                    ],
                    "type": "Service"
                  }
                ],
                "resources": [],
                "sid": "EKSClusterAssumeRole"
              }
            ],
            "version": "2012-10-17"
          },
          "sensitive_attributes": []
        }
      ]
    },
    {
      "module": "module.eks",
      "mode": "data",
      "type": "aws_iam_policy_document",
      "name": "cni_ipv6_policy",
      "provider": "provider[\"registry.terraform.io/hashicorp/aws\"]",
      "instances": []
    },
    {
      "module": "module.eks",
      "mode": "data",
      "type": "aws_iam_session_context",
      "name": "current",
      "provider": "provider[\"registry.terraform.io/hashicorp/aws\"]",
      "instances": [
        {
          "schema_version": 0,
          "attributes": {
            "arn": "arn:aws:iam::453231788378:user/MyCrystalRoot-IAM",
            "id": "arn:aws:iam::453231788378:user/MyCrystalRoot-IAM",
            "issuer_arn": "arn:aws:iam::453231788378:user/MyCrystalRoot-IAM",
            "issuer_id": "",
            "issuer_name": "",
            "session_name": ""
          },
          "sensitive_attributes": []
        }
      ]
    },
    {
      "module": "module.eks",
      "mode": "data",
      "type": "aws_partition",
      "name": "current",
      "provider": "provider[\"registry.terraform.io/hashicorp/aws\"]",
      "instances": [
        {
          "schema_version": 0,
          "attributes": {
            "dns_suffix": "amazonaws.com",
            "id": "aws",
            "partition": "aws",
            "reverse_dns_prefix": "com.amazonaws"
          },
          "sensitive_attributes": []
        }
      ]
    },
    {
      "module": "module.eks",
      "mode": "data",
      "type": "tls_certificate",
      "name": "this",
      "provider": "provider[\"registry.terraform.io/hashicorp/tls\"]",
      "instances": [
        {
          "index_key": 0,
          "schema_version": 0,
          "attributes": {
            "certificates": [
              {
                "cert_pem": "-----BEGIN CERTIFICATE-----\nMIIEdTCCA12gAwIBAgIJAKcOSkw0grd/MA0GCSqGSIb3DQEBCwUAMGgxCzAJBgNV\nBAYTAlVTMSUwIwYDVQQKExxTdGFyZmllbGQgVGVjaG5vbG9naWVzLCBJbmMuMTIw\nMAYDVQQLEylTdGFyZmllbGQgQ2xhc3MgMiBDZXJ0aWZpY2F0aW9uIEF1dGhvcml0\neTAeFw0wOTA5MDIwMDAwMDBaFw0zNDA2MjgxNzM5MTZaMIGYMQswCQYDVQQGEwJV\nUzEQMA4GA1UECBMHQXJpem9uYTETMBEGA1UEBxMKU2NvdHRzZGFsZTElMCMGA1UE\nChMcU3RhcmZpZWxkIFRlY2hub2xvZ2llcywgSW5jLjE7MDkGA1UEAxMyU3RhcmZp\nZWxkIFNlcnZpY2VzIFJvb3QgQ2VydGlmaWNhdGUgQXV0aG9yaXR5IC0gRzIwggEi\nMA0GCSqGSIb3DQEBAQUAA4IBDwAwggEKAoIBAQDVDDrEKvlO4vW+GZdfjohTsR8/\ny8+fIBNtKTrID30892t2OGPZNmCom15cAICyL1l/9of5JUOG52kbUpqQ4XHj2C0N\nTm/2yEnZtvMaVq4rtnQU68/7JuMauh2WLmo7WJSJR1b/JaCTcFOD2oR0FMNnngRo\nOt+OQFodSk7PQ5E751bWAHDLUu57fa4657wx+UX2wmDPE1kCK4DMNEffud6QZW0C\nzyyRpqbn3oUYSXxmTqM6bam17jQuug0DuDPfR+uxa40l2ZvOgdFFRjKWcIfeAg5J\nQ4W2bHO7ZOphQazJ1FTfhy/HIrImzJ9ZVGif/L4qL8RVHHVAYBeFAlU5i38FAgMB\nAAGjgfAwge0wDwYDVR0TAQH/BAUwAwEB/zAOBgNVHQ8BAf8EBAMCAYYwHQYDVR0O\nBBYEFJxfAN+qAdcwKziIorhtSpzyEZGDMB8GA1UdIwQYMBaAFL9ft9HO3R+G9FtV\nrNzXEMIOqYjnME8GCCsGAQUFBwEBBEMwQTAcBggrBgEFBQcwAYYQaHR0cDovL28u\nc3MyLnVzLzAhBggrBgEFBQcwAoYVaHR0cDovL3guc3MyLnVzL3guY2VyMCYGA1Ud\nHwQfMB0wG6AZoBeGFWh0dHA6Ly9zLnNzMi51cy9yLmNybDARBgNVHSAECjAIMAYG\nBFUdIAAwDQYJKoZIhvcNAQELBQADggEBACMd44pXyn3pF3lM8R5V/cxTbj5HD9/G\nVfKyBDbtgB9TxF00KGu+x1X8Z+rLP3+QsjPNG1gQggL4+C/1E2DUBc7xgQjB3ad1\nl08YuW3e95ORCLp+QCztweq7dp4zBncdDQh/U90bZKuCJ/Fp1U1ervShw3WnWEQt\n8jxwmKy6abaVd38PMV4s/KCHOkdp8Hlf9BRUpJVeEXgSYCfOn8J3/yNTd126/+pZ\n59vPr5KW7ySaNRB6nJHGDn2Z9j8Z3/VyVOEVqQdZe4O/Ui5GjLIAZHYcSNPYeehu\nVsyuLAOQ1xk4meTKCRlb/weWsKh/NEnfVqn3sF/tM+2MR7cwA130A4w=\n-----END CERTIFICATE-----\n",
                "is_ca": true,
                "issuer": "OU=Starfield Class 2 Certification Authority,O=Starfield Technologies\\, Inc.,C=US",
                "not_after": "2034-06-28T17:39:16Z",
                "not_before": "2009-09-02T00:00:00Z",
                "public_key_algorithm": "RSA",
                "serial_number": "12037640545166866303",
                "sha1_fingerprint": "9e99a48a9960b14926bb7f3b02e22da2b0ab7280",
                "signature_algorithm": "SHA256-RSA",
                "subject": "CN=Starfield Services Root Certificate Authority - G2,O=Starfield Technologies\\, Inc.,L=Scottsdale,ST=Arizona,C=US",
                "version": 3
              },
              {
                "cert_pem": "-----BEGIN CERTIFICATE-----\nMIIEkjCCA3qgAwIBAgITBn+USionzfP6wq4rAfkI7rnExjANBgkqhkiG9w0BAQsF\nADCBmDELMAkGA1UEBhMCVVMxEDAOBgNVBAgTB0FyaXpvbmExEzARBgNVBAcTClNj\nb3R0c2RhbGUxJTAjBgNVBAoTHFN0YXJmaWVsZCBUZWNobm9sb2dpZXMsIEluYy4x\nOzA5BgNVBAMTMlN0YXJmaWVsZCBTZXJ2aWNlcyBSb290IENlcnRpZmljYXRlIEF1\ndGhvcml0eSAtIEcyMB4XDTE1MDUyNTEyMDAwMFoXDTM3MTIzMTAxMDAwMFowOTEL\nMAkGA1UEBhMCVVMxDzANBgNVBAoTBkFtYXpvbjEZMBcGA1UEAxMQQW1hem9uIFJv\nb3QgQ0EgMTCCASIwDQYJKoZIhvcNAQEBBQADggEPADCCAQoCggEBALJ4gHHKeNXj\nca9HgFB0fW7Y14h29Jlo91ghYPl0hAEvrAIthtOgQ3pOsqTQNroBvo3bSMgHFzZM\n9O6II8c+6zf1tRn4SWiw3te5djgdYZ6k/oI2peVKVuRF4fn9tBb6dNqcmzU5L/qw\nIFAGbHrQgLKm+a/sRxmPUDgH3KKHOVj4utWp+UhnMJbulHheb4mjUcAwhmahRWa6\nVOujw5H5SNz/0egwLX0tdHA114gk957EWW67c4cX8jJGKLhD+rcdqsq08p8kDi1L\n93FcXmn/6pUCyziKrlA4b9v7LWIbxcceVOF34GfID5yHI9Y/QCB/IIDEgEw+OyQm\njgSubJrIqg0CAwEAAaOCATEwggEtMA8GA1UdEwEB/wQFMAMBAf8wDgYDVR0PAQH/\nBAQDAgGGMB0GA1UdDgQWBBSEGMyFNOy8DJSULghZnMeyEE4KCDAfBgNVHSMEGDAW\ngBScXwDfqgHXMCs4iKK4bUqc8hGRgzB4BggrBgEFBQcBAQRsMGowLgYIKwYBBQUH\nMAGGImh0dHA6Ly9vY3NwLnJvb3RnMi5hbWF6b250cnVzdC5jb20wOAYIKwYBBQUH\nMAKGLGh0dHA6Ly9jcnQucm9vdGcyLmFtYXpvbnRydXN0LmNvbS9yb290ZzIuY2Vy\nMD0GA1UdHwQ2MDQwMqAwoC6GLGh0dHA6Ly9jcmwucm9vdGcyLmFtYXpvbnRydXN0\nLmNvbS9yb290ZzIuY3JsMBEGA1UdIAQKMAgwBgYEVR0gADANBgkqhkiG9w0BAQsF\nAAOCAQEAYjdCXLwQtT6LLOkMm2xF4gcAevnFWAu5CIw+7bMlPLVvUOTNNWqnkzSW\nMiGpSESrnO09tKpzbeR/FoCJbM8oAxiDR3mjEH4wW6w7sGDgd9QIpuEdfF7Au/ma\neyKdpwAJfqxGF4PcnCZXmTA5YpaP7dreqsXMGz7KQ2hsVxa81Q4gLv7/wmpdLqBK\nbRRYh5TmOTFffHPLkIhqhBGWJ6bt2YFGpn6jcgAKUj6DiAdjd4lpFw85hdKrCEVN\n0FE6/V1dN2RMfjCyVSRCnTawXZwXgWHxyvkQAiSr6w10kY17RSlQOYiypok1JR4U\nakcjMS9cmvqtmg5iUaQqqcT5NJ0hGA==\n-----END CERTIFICATE-----\n",
                "is_ca": true,
                "issuer": "CN=Starfield Services Root Certificate Authority - G2,O=Starfield Technologies\\, Inc.,L=Scottsdale,ST=Arizona,C=US",
                "not_after": "2037-12-31T01:00:00Z",
                "not_before": "2015-05-25T12:00:00Z",
                "public_key_algorithm": "RSA",
                "serial_number": "144918191876577076464031512351042010504348870",
                "sha1_fingerprint": "06b25927c42a721631c1efd9431e648fa62e1e39",
                "signature_algorithm": "SHA256-RSA",
                "subject": "CN=Amazon Root CA 1,O=Amazon,C=US",
                "version": 3
              },
              {
                "cert_pem": "-----BEGIN CERTIFICATE-----\nMIIEXjCCA0agAwIBAgITB3MSTNQG0mfAmRzdKZqfODF5hTANBgkqhkiG9w0BAQsF\nADA5MQswCQYDVQQGEwJVUzEPMA0GA1UEChMGQW1hem9uMRkwFwYDVQQDExBBbWF6\nb24gUm9vdCBDQSAxMB4XDTIyMDgyMzIyMjYwNFoXDTMwMDgyMzIyMjYwNFowPDEL\nMAkGA1UEBhMCVVMxDzANBgNVBAoTBkFtYXpvbjEcMBoGA1UEAxMTQW1hem9uIFJT\nQSAyMDQ4IE0wMzCCASIwDQYJKoZIhvcNAQEBBQADggEPADCCAQoCggEBALd/pVko\n8vuM475Tf45HV3BbCl/B9Jy89G1CRkFjcPY06WA9lS+7dWbUA7GtWUKoksr69hKM\nwcMsNpxlw7b3jeXFgxB09/nmalcAWtnLzF+LaDKEA5DQmvKzuh1nfIfqEiKCQSmX\nXh09Xs+dO7cm5qbaL2hhNJCSAejciwcvOFgFNgEMR42wm6KIFHsQW28jhA+1u/M0\np6fVwReuEgZfLfdx82Px0LJck3lST3EB/JfbdsdOzzzg5YkY1dfuqf8y5fUeZ7Cz\nWXbTjujwX/TovmeWKA36VLCz75azW6tDNuDn66FOpADZZ9omVaF6BqNJiLMVl6P3\n/c0OiUMC6Z5OfKcCAwEAAaOCAVowggFWMBIGA1UdEwEB/wQIMAYBAf8CAQAwDgYD\nVR0PAQH/BAQDAgGGMB0GA1UdJQQWMBQGCCsGAQUFBwMBBggrBgEFBQcDAjAdBgNV\nHQ4EFgQUVdkYX9IczAHhWLS+q9lVQgHXLgIwHwYDVR0jBBgwFoAUhBjMhTTsvAyU\nlC4IWZzHshBOCggwewYIKwYBBQUHAQEEbzBtMC8GCCsGAQUFBzABhiNodHRwOi8v\nb2NzcC5yb290Y2ExLmFtYXpvbnRydXN0LmNvbTA6BggrBgEFBQcwAoYuaHR0cDov\nL2NydC5yb290Y2ExLmFtYXpvbnRydXN0LmNvbS9yb290Y2ExLmNlcjA/BgNVHR8E\nODA2MDSgMqAwhi5odHRwOi8vY3JsLnJvb3RjYTEuYW1hem9udHJ1c3QuY29tL3Jv\nb3RjYTEuY3JsMBMGA1UdIAQMMAowCAYGZ4EMAQIBMA0GCSqGSIb3DQEBCwUAA4IB\nAQAGjeWm2cC+3z2MzSCnte46/7JZvj3iQZDY7EvODNdZF41n71Lrk9kbfNwerK0d\nVNzW36Wefr7j7ZSwBVg50W5ay65jNSN74TTQV1yt4WnSbVvN6KlMs1hiyOZdoHKs\nKDV2UGNxbdoBYCQNa2GYF8FQIWLugNp35aSOpMy6cFlymFQomIrnOQHwK1nvVY4q\nxDSJMU/gNJz17D8ArPN3ngnyZ2TwepJ0uBINz3G5te2rdFUF4i4Y3Bb7FUlHDYm4\nu8aIRGpk2ZpfXmxaoxnbIBZRvGLPSUuPwnwoUOMsJ8jirI5vs2dvchPb7MtI1rle\ni02f2ivH2vxkjDLltSpe2fiC\n-----END CERTIFICATE-----\n",
                "is_ca": true,
                "issuer": "CN=Amazon Root CA 1,O=Amazon,C=US",
                "not_after": "2030-08-23T22:26:04Z",
                "not_before": "2022-08-23T22:26:04Z",
                "public_key_algorithm": "RSA",
                "serial_number": "166129356476704345391986644047206454194698629",
                "sha1_fingerprint": "d9fe0a65fa00cabf61f5120d373a8135e1461f15",
                "signature_algorithm": "SHA256-RSA",
                "subject": "CN=Amazon RSA 2048 M03,O=Amazon,C=US",
                "version": 3
              },
              {
                "cert_pem": "-----BEGIN CERTIFICATE-----\nMIIF5jCCBM6gAwIBAgIQAXLcQBe7tPBc6GuB+yBBqzANBgkqhkiG9w0BAQsFADA8\nMQswCQYDVQQGEwJVUzEPMA0GA1UEChMGQW1hem9uMRwwGgYDVQQDExNBbWF6b24g\nUlNBIDIwNDggTTAzMB4XDTI0MDMyNzAwMDAwMFoXDTI1MDQyNTIzNTk1OVowKTEn\nMCUGA1UEAwweKi5la3MuYXAtc291dGgtMS5hbWF6b25hd3MuY29tMIIBIjANBgkq\nhkiG9w0BAQEFAAOCAQ8AMIIBCgKCAQEAtGQywB9i0CSmjSAwUSmErAt9ATOS/ne5\nFFsUrjS4vuBLXT3S/X97lDKm2spvdAJsXMDyWq5R60Va0X/Zr4td/oSl3cNy2CFp\nDQw2kG0RMugBMNVaR/2B6RH+kIErxlYyBNMuBA62SEqk5kGemmXBTznU5NsynXss\nN1Lmdbi92EszLsGw2HLlEwZt0DwcRRkrg0ZMo+cQhx1C4b/YFXCAaPLe9gEQDSYA\n3lgTRhUfQS7xWh4LaSxU7PG8C+/cXJ8BYdWOF6TsdBKDXhTccvd7QReSpF5tDiCF\nT6B8L4y5wKX2VMKqENSrwn3hAporXi6J4laE6Tx1Y/A2DN87FHukNwIDAQABo4IC\n9TCCAvEwHwYDVR0jBBgwFoAUVdkYX9IczAHhWLS+q9lVQgHXLgIwHQYDVR0OBBYE\nFCA2a4roh/mOKjmoAhAJrTURFH2HMCkGA1UdEQQiMCCCHiouZWtzLmFwLXNvdXRo\nLTEuYW1hem9uYXdzLmNvbTATBgNVHSAEDDAKMAgGBmeBDAECATAOBgNVHQ8BAf8E\nBAMCBaAwHQYDVR0lBBYwFAYIKwYBBQUHAwEGCCsGAQUFBwMCMDsGA1UdHwQ0MDIw\nMKAuoCyGKmh0dHA6Ly9jcmwucjJtMDMuYW1hem9udHJ1c3QuY29tL3IybTAzLmNy\nbDB1BggrBgEFBQcBAQRpMGcwLQYIKwYBBQUHMAGGIWh0dHA6Ly9vY3NwLnIybTAz\nLmFtYXpvbnRydXN0LmNvbTA2BggrBgEFBQcwAoYqaHR0cDovL2NydC5yMm0wMy5h\nbWF6b250cnVzdC5jb20vcjJtMDMuY2VyMAwGA1UdEwEB/wQCMAAwggF8BgorBgEE\nAdZ5AgQCBIIBbASCAWgBZgB2AM8RVu7VLnyv84db2Wkum+kacWdKsBfsrAHSW3fO\nzDsIAAABjoEqaRgAAAQDAEcwRQIgafsuKU5xj/dXLQ3SPdWzndJwLyEfm+JryIYe\nPWZJKLMCIQCNfmISGAa5KgyKPZ8xG6e3jLbHiwMd3UfNw2/f0fA+agB1AH1ZHhLh\neCp7HGFnfF79+NCHXBSgTpWeuQMv2Q6MLnm4AAABjoEqaHUAAAQDAEYwRAIgAgNI\nq6UYuEQejzm3s9LMJm4+ntuC4SHzW+cXtbBGJ/MCIC14jKeXKIEc1xRsYA3az65F\niAXRScw6ZRufvETqJO1/AHUA5tIxY0B3jMEQQQbXcbnOwdJA9paEhvu6hzId/R43\njlAAAAGOgSpoiQAABAMARjBEAiANbZ6RIkz/AOtZdJnPuPMlA0zjJIB2UxkJkN69\ntCtQEQIgRHt4maRYhich1qGcBcGDgL2QeUehPp6yWnpgPItV33IwDQYJKoZIhvcN\nAQELBQADggEBAFHCpoKhkGL7unnDkg6JykJauAU+DW1sN/8xuwfAiBzL07ZOb3ao\nc34h51Wr+LIsBiXq9kEy0iduzS8F72SbfDXrz0dpESoe6faNZ9UEfNvqkLRmHDcU\nea3M+4v+tacD/uqEvtJI0aEcLP1yKencXCwBOqy8O7lLEJUhYc8yVAJChmoJAowy\nOwS9PjMdXb2UAMl4aJt7oF+nvzdjBtQ7uNctV2rsMZ1HZQSdgMMhqJNWXufVPmRm\nuPnGTtYK8Y0MsCJqEvmi9jE8m30oRhugZ/9ckJo7CnO43VJcE4IT+/AObav3iNfU\nlS1MThMhwV4UxcawWxE68Y3QZhhym4+HwQw=\n-----END CERTIFICATE-----\n",
                "is_ca": false,
                "issuer": "CN=Amazon RSA 2048 M03,O=Amazon,C=US",
                "not_after": "2025-04-25T23:59:59Z",
                "not_before": "2024-03-27T00:00:00Z",
                "public_key_algorithm": "RSA",
                "serial_number": "1925617045718169317006243538772443563",
                "sha1_fingerprint": "66c52a14da1484b5a2aec2e90e2ee44fb3030459",
                "signature_algorithm": "SHA256-RSA",
                "subject": "CN=*.eks.ap-south-1.amazonaws.com",
                "version": 3
              }
            ],
            "content": null,
            "id": "8620fd676f1f5fb482fb77207743ac75042750fa",
            "url": "https://oidc.eks.ap-south-1.amazonaws.com/id/D3B9AE020BFF014E530D5A876E6FC261",
            "verify_chain": true
          },
          "sensitive_attributes": []
        }
      ]
    },
    {
      "module": "module.eks",
      "mode": "managed",
      "type": "aws_cloudwatch_log_group",
      "name": "this",
      "provider": "provider[\"registry.terraform.io/hashicorp/aws\"]",
      "instances": [
        {
          "index_key": 0,
          "schema_version": 0,
          "attributes": {
            "arn": "arn:aws:logs:ap-south-1:453231788378:log-group:/aws/eks/Three-Tier-K8s-EKS-Cluster/cluster",
            "id": "/aws/eks/Three-Tier-K8s-EKS-Cluster/cluster",
            "kms_key_id": "",
            "log_group_class": "STANDARD",
            "name": "/aws/eks/Three-Tier-K8s-EKS-Cluster/cluster",
            "name_prefix": "",
            "retention_in_days": 90,
            "skip_destroy": false,
            "tags": {
              "Environment": "dev",
              "Name": "/aws/eks/Three-Tier-K8s-EKS-Cluster/cluster",
              "Terraform": "true"
            },
            "tags_all": {
              "Environment": "dev",
              "Name": "/aws/eks/Three-Tier-K8s-EKS-Cluster/cluster",
              "Terraform": "true"
            }
          },
          "sensitive_attributes": [],
          "private": "bnVsbA==",
          "create_before_destroy": true
        }
      ]
    },
    {
      "module": "module.eks",
      "mode": "managed",
      "type": "aws_ec2_tag",
      "name": "cluster_primary_security_group",
      "provider": "provider[\"registry.terraform.io/hashicorp/aws\"]",
      "instances": [
        {
          "index_key": "Environment",
          "schema_version": 0,
          "attributes": {
            "id": "sg-00f457da53387ba24,Environment",
            "key": "Environment",
            "resource_id": "sg-00f457da53387ba24",
            "value": "dev"
          },
          "sensitive_attributes": [],
          "private": "bnVsbA==",
          "dependencies": [
            "module.eks.aws_cloudwatch_log_group.this",
            "module.eks.aws_eks_cluster.this",
            "module.eks.aws_iam_policy.cni_ipv6_policy",
            "module.eks.aws_iam_role.this",
            "module.eks.aws_iam_role_policy_attachment.this",
            "module.eks.aws_security_group.cluster",
            "module.eks.aws_security_group.node",
            "module.eks.aws_security_group_rule.cluster",
            "module.eks.aws_security_group_rule.node",
            "module.eks.data.aws_caller_identity.current",
            "module.eks.data.aws_iam_policy_document.assume_role_policy",
            "module.eks.data.aws_iam_policy_document.cni_ipv6_policy",
            "module.eks.data.aws_iam_session_context.current",
            "module.eks.data.aws_partition.current",
            "module.eks.module.kms.aws_kms_external_key.this",
            "module.eks.module.kms.aws_kms_key.this",
            "module.eks.module.kms.aws_kms_replica_external_key.this",
            "module.eks.module.kms.aws_kms_replica_key.this",
            "module.eks.module.kms.data.aws_caller_identity.current",
            "module.eks.module.kms.data.aws_iam_policy_document.this",
            "module.eks.module.kms.data.aws_partition.current"
          ]
        },
        {
          "index_key": "Terraform",
          "schema_version": 0,
          "attributes": {
            "id": "sg-00f457da53387ba24,Terraform",
            "key": "Terraform",
            "resource_id": "sg-00f457da53387ba24",
            "value": "true"
          },
          "sensitive_attributes": [],
          "private": "bnVsbA==",
          "dependencies": [
            "module.eks.aws_cloudwatch_log_group.this",
            "module.eks.aws_eks_cluster.this",
            "module.eks.aws_iam_policy.cni_ipv6_policy",
            "module.eks.aws_iam_role.this",
            "module.eks.aws_iam_role_policy_attachment.this",
            "module.eks.aws_security_group.cluster",
            "module.eks.aws_security_group.node",
            "module.eks.aws_security_group_rule.cluster",
            "module.eks.aws_security_group_rule.node",
            "module.eks.data.aws_caller_identity.current",
            "module.eks.data.aws_iam_policy_document.assume_role_policy",
            "module.eks.data.aws_iam_policy_document.cni_ipv6_policy",
            "module.eks.data.aws_iam_session_context.current",
            "module.eks.data.aws_partition.current",
            "module.eks.module.kms.aws_kms_external_key.this",
            "module.eks.module.kms.aws_kms_key.this",
            "module.eks.module.kms.aws_kms_replica_external_key.this",
            "module.eks.module.kms.aws_kms_replica_key.this",
            "module.eks.module.kms.data.aws_caller_identity.current",
            "module.eks.module.kms.data.aws_iam_policy_document.this",
            "module.eks.module.kms.data.aws_partition.current"
          ]
        }
      ]
    },
    {
      "module": "module.eks",
      "mode": "managed",
      "type": "aws_eks_access_entry",
      "name": "this",
      "provider": "provider[\"registry.terraform.io/hashicorp/aws\"]",
      "instances": [
        {
          "index_key": "example",
          "schema_version": 0,
          "attributes": {
            "access_entry_arn": "arn:aws:eks:ap-south-1:453231788378:access-entry/Three-Tier-K8s-EKS-Cluster/user/453231788378/MyCrystalRoot-IAM/32c81390-c499-85a7-059f-2e73eeec9d17",
            "cluster_name": "Three-Tier-K8s-EKS-Cluster",
            "created_at": "2024-06-17T16:57:07Z",
            "id": "Three-Tier-K8s-EKS-Cluster:arn:aws:iam::453231788378:user/MyCrystalRoot-IAM",
            "kubernetes_groups": [],
            "modified_at": "2024-06-17T16:57:07Z",
            "principal_arn": "arn:aws:iam::453231788378:user/MyCrystalRoot-IAM",
            "tags": {
              "Environment": "dev",
              "Terraform": "true"
            },
            "tags_all": {
              "Environment": "dev",
              "Terraform": "true"
            },
            "timeouts": null,
            "type": "STANDARD",
            "user_name": "arn:aws:iam::453231788378:user/MyCrystalRoot-IAM"
          },
          "sensitive_attributes": [],
          "private": "eyJlMmJmYjczMC1lY2FhLTExZTYtOGY4OC0zNDM2M2JjN2M0YzAiOnsiY3JlYXRlIjo2MDAwMDAwMDAwMDAsImRlbGV0ZSI6NjAwMDAwMDAwMDAwfX0=",
          "dependencies": [
            "module.eks.aws_cloudwatch_log_group.this",
            "module.eks.aws_eks_cluster.this",
            "module.eks.aws_iam_policy.cni_ipv6_policy",
            "module.eks.aws_iam_role.this",
            "module.eks.aws_iam_role_policy_attachment.this",
            "module.eks.aws_security_group.cluster",
            "module.eks.aws_security_group.node",
            "module.eks.aws_security_group_rule.cluster",
            "module.eks.aws_security_group_rule.node",
            "module.eks.data.aws_caller_identity.current",
            "module.eks.data.aws_iam_policy_document.assume_role_policy",
            "module.eks.data.aws_iam_policy_document.cni_ipv6_policy",
            "module.eks.data.aws_iam_session_context.current",
            "module.eks.data.aws_partition.current",
            "module.eks.module.kms.aws_kms_external_key.this",
            "module.eks.module.kms.aws_kms_key.this",
            "module.eks.module.kms.aws_kms_replica_external_key.this",
            "module.eks.module.kms.aws_kms_replica_key.this",
            "module.eks.module.kms.data.aws_caller_identity.current",
            "module.eks.module.kms.data.aws_iam_policy_document.this",
            "module.eks.module.kms.data.aws_partition.current"
          ]
        }
      ]
    },
    {
      "module": "module.eks",
      "mode": "managed",
      "type": "aws_eks_addon",
      "name": "this",
      "provider": "provider[\"registry.terraform.io/hashicorp/aws\"]",
      "instances": [
        {
          "index_key": "coredns",
          "schema_version": 0,
          "attributes": {
            "addon_name": "coredns",
            "addon_version": "v1.11.1-eksbuild.9",
            "arn": "arn:aws:eks:ap-south-1:453231788378:addon/Three-Tier-K8s-EKS-Cluster/coredns/86c81392-4ce1-27b4-be2e-d18d3c2ed1dd",
            "cluster_name": "Three-Tier-K8s-EKS-Cluster",
            "configuration_values": "",
            "created_at": "2024-06-17T17:00:28Z",
            "id": "Three-Tier-K8s-EKS-Cluster:coredns",
            "modified_at": "2024-06-17T17:15:33Z",
            "preserve": true,
            "resolve_conflicts": null,
            "resolve_conflicts_on_create": "OVERWRITE",
            "resolve_conflicts_on_update": "OVERWRITE",
            "service_account_role_arn": "",
            "tags": {
              "Environment": "dev",
              "Terraform": "true"
            },
            "tags_all": {
              "Environment": "dev",
              "Terraform": "true"
            },
            "timeouts": {
              "create": null,
              "delete": null,
              "update": null
            }
          },
          "sensitive_attributes": [],
          "private": "eyJlMmJmYjczMC1lY2FhLTExZTYtOGY4OC0zNDM2M2JjN2M0YzAiOnsiY3JlYXRlIjoxMjAwMDAwMDAwMDAwLCJkZWxldGUiOjI0MDAwMDAwMDAwMDAsInVwZGF0ZSI6MTIwMDAwMDAwMDAwMH19",
          "dependencies": [
            "module.eks.aws_cloudwatch_log_group.this",
            "module.eks.aws_eks_cluster.this",
            "module.eks.aws_iam_policy.cni_ipv6_policy",
            "module.eks.aws_iam_role.this",
            "module.eks.aws_iam_role_policy_attachment.this",
            "module.eks.aws_security_group.cluster",
            "module.eks.aws_security_group.node",
            "module.eks.aws_security_group_rule.cluster",
            "module.eks.aws_security_group_rule.node",
            "module.eks.data.aws_caller_identity.current",
            "module.eks.data.aws_eks_addon_version.this",
            "module.eks.data.aws_iam_policy_document.assume_role_policy",
            "module.eks.data.aws_iam_policy_document.cni_ipv6_policy",
            "module.eks.data.aws_iam_session_context.current",
            "module.eks.data.aws_partition.current",
            "module.eks.module.eks_managed_node_group.aws_autoscaling_schedule.this",
            "module.eks.module.eks_managed_node_group.aws_eks_node_group.this",
            "module.eks.module.eks_managed_node_group.aws_iam_role.this",
            "module.eks.module.eks_managed_node_group.aws_iam_role_policy_attachment.additional",
            "module.eks.module.eks_managed_node_group.aws_iam_role_policy_attachment.this",
            "module.eks.module.eks_managed_node_group.aws_launch_template.this",
            "module.eks.module.eks_managed_node_group.aws_placement_group.this",
            "module.eks.module.eks_managed_node_group.data.aws_caller_identity.current",
            "module.eks.module.eks_managed_node_group.data.aws_ec2_instance_type.this",
            "module.eks.module.eks_managed_node_group.data.aws_ec2_instance_type_offerings.this",
            "module.eks.module.eks_managed_node_group.data.aws_iam_policy_document.assume_role_policy",
            "module.eks.module.eks_managed_node_group.data.aws_partition.current",
            "module.eks.module.eks_managed_node_group.data.aws_ssm_parameter.ami",
            "module.eks.module.eks_managed_node_group.data.aws_subnets.efa",
            "module.eks.module.eks_managed_node_group.module.user_data.data.cloudinit_config.al2023_eks_managed_node_group",
            "module.eks.module.eks_managed_node_group.module.user_data.data.cloudinit_config.linux_eks_managed_node_group",
            "module.eks.module.eks_managed_node_group.module.user_data.null_resource.validate_cluster_service_cidr",
            "module.eks.module.fargate_profile.aws_eks_fargate_profile.this",
            "module.eks.module.fargate_profile.aws_iam_role.this",
            "module.eks.module.fargate_profile.aws_iam_role_policy_attachment.additional",
            "module.eks.module.fargate_profile.aws_iam_role_policy_attachment.this",
            "module.eks.module.fargate_profile.data.aws_caller_identity.current",
            "module.eks.module.fargate_profile.data.aws_iam_policy_document.assume_role_policy",
            "module.eks.module.fargate_profile.data.aws_partition.current",
            "module.eks.module.fargate_profile.data.aws_region.current",
            "module.eks.module.kms.aws_kms_external_key.this",
            "module.eks.module.kms.aws_kms_key.this",
            "module.eks.module.kms.aws_kms_replica_external_key.this",
            "module.eks.module.kms.aws_kms_replica_key.this",
            "module.eks.module.kms.data.aws_caller_identity.current",
            "module.eks.module.kms.data.aws_iam_policy_document.this",
            "module.eks.module.kms.data.aws_partition.current",
            "module.eks.module.self_managed_node_group.aws_autoscaling_group.this",
            "module.eks.module.self_managed_node_group.aws_autoscaling_schedule.this",
            "module.eks.module.self_managed_node_group.aws_eks_access_entry.this",
            "module.eks.module.self_managed_node_group.aws_iam_instance_profile.this",
            "module.eks.module.self_managed_node_group.aws_iam_role.this",
            "module.eks.module.self_managed_node_group.aws_iam_role_policy_attachment.additional",
            "module.eks.module.self_managed_node_group.aws_iam_role_policy_attachment.this",
            "module.eks.module.self_managed_node_group.aws_launch_template.this",
            "module.eks.module.self_managed_node_group.aws_placement_group.this",
            "module.eks.module.self_managed_node_group.data.aws_caller_identity.current",
            "module.eks.module.self_managed_node_group.data.aws_ec2_instance_type.this",
            "module.eks.module.self_managed_node_group.data.aws_ec2_instance_type_offerings.this",
            "module.eks.module.self_managed_node_group.data.aws_iam_policy_document.assume_role_policy",
            "module.eks.module.self_managed_node_group.data.aws_partition.current",
            "module.eks.module.self_managed_node_group.data.aws_ssm_parameter.ami",
            "module.eks.module.self_managed_node_group.data.aws_subnets.efa",
            "module.eks.module.self_managed_node_group.module.user_data.data.cloudinit_config.al2023_eks_managed_node_group",
            "module.eks.module.self_managed_node_group.module.user_data.data.cloudinit_config.linux_eks_managed_node_group",
            "module.eks.module.self_managed_node_group.module.user_data.null_resource.validate_cluster_service_cidr",
            "module.eks.time_sleep.this"
          ]
        },
        {
          "index_key": "kube-proxy",
          "schema_version": 0,
          "attributes": {
            "addon_name": "kube-proxy",
            "addon_version": "v1.29.3-eksbuild.5",
            "arn": "arn:aws:eks:ap-south-1:453231788378:addon/Three-Tier-K8s-EKS-Cluster/kube-proxy/f4c81392-4ce2-2be8-db3e-770c0284d1f3",
            "cluster_name": "Three-Tier-K8s-EKS-Cluster",
            "configuration_values": "",
            "created_at": "2024-06-17T17:00:28Z",
            "id": "Three-Tier-K8s-EKS-Cluster:kube-proxy",
            "modified_at": "2024-06-17T17:01:05Z",
            "preserve": true,
            "resolve_conflicts": null,
            "resolve_conflicts_on_create": "OVERWRITE",
            "resolve_conflicts_on_update": "OVERWRITE",
            "service_account_role_arn": "",
            "tags": {
              "Environment": "dev",
              "Terraform": "true"
            },
            "tags_all": {
              "Environment": "dev",
              "Terraform": "true"
            },
            "timeouts": {
              "create": null,
              "delete": null,
              "update": null
            }
          },
          "sensitive_attributes": [],
          "private": "eyJlMmJmYjczMC1lY2FhLTExZTYtOGY4OC0zNDM2M2JjN2M0YzAiOnsiY3JlYXRlIjoxMjAwMDAwMDAwMDAwLCJkZWxldGUiOjI0MDAwMDAwMDAwMDAsInVwZGF0ZSI6MTIwMDAwMDAwMDAwMH19",
          "dependencies": [
            "module.eks.aws_cloudwatch_log_group.this",
            "module.eks.aws_eks_cluster.this",
            "module.eks.aws_iam_policy.cni_ipv6_policy",
            "module.eks.aws_iam_role.this",
            "module.eks.aws_iam_role_policy_attachment.this",
            "module.eks.aws_security_group.cluster",
            "module.eks.aws_security_group.node",
            "module.eks.aws_security_group_rule.cluster",
            "module.eks.aws_security_group_rule.node",
            "module.eks.data.aws_caller_identity.current",
            "module.eks.data.aws_eks_addon_version.this",
            "module.eks.data.aws_iam_policy_document.assume_role_policy",
            "module.eks.data.aws_iam_policy_document.cni_ipv6_policy",
            "module.eks.data.aws_iam_session_context.current",
            "module.eks.data.aws_partition.current",
            "module.eks.module.eks_managed_node_group.aws_autoscaling_schedule.this",
            "module.eks.module.eks_managed_node_group.aws_eks_node_group.this",
            "module.eks.module.eks_managed_node_group.aws_iam_role.this",
            "module.eks.module.eks_managed_node_group.aws_iam_role_policy_attachment.additional",
            "module.eks.module.eks_managed_node_group.aws_iam_role_policy_attachment.this",
            "module.eks.module.eks_managed_node_group.aws_launch_template.this",
            "module.eks.module.eks_managed_node_group.aws_placement_group.this",
            "module.eks.module.eks_managed_node_group.data.aws_caller_identity.current",
            "module.eks.module.eks_managed_node_group.data.aws_ec2_instance_type.this",
            "module.eks.module.eks_managed_node_group.data.aws_ec2_instance_type_offerings.this",
            "module.eks.module.eks_managed_node_group.data.aws_iam_policy_document.assume_role_policy",
            "module.eks.module.eks_managed_node_group.data.aws_partition.current",
            "module.eks.module.eks_managed_node_group.data.aws_ssm_parameter.ami",
            "module.eks.module.eks_managed_node_group.data.aws_subnets.efa",
            "module.eks.module.eks_managed_node_group.module.user_data.data.cloudinit_config.al2023_eks_managed_node_group",
            "module.eks.module.eks_managed_node_group.module.user_data.data.cloudinit_config.linux_eks_managed_node_group",
            "module.eks.module.eks_managed_node_group.module.user_data.null_resource.validate_cluster_service_cidr",
            "module.eks.module.fargate_profile.aws_eks_fargate_profile.this",
            "module.eks.module.fargate_profile.aws_iam_role.this",
            "module.eks.module.fargate_profile.aws_iam_role_policy_attachment.additional",
            "module.eks.module.fargate_profile.aws_iam_role_policy_attachment.this",
            "module.eks.module.fargate_profile.data.aws_caller_identity.current",
            "module.eks.module.fargate_profile.data.aws_iam_policy_document.assume_role_policy",
            "module.eks.module.fargate_profile.data.aws_partition.current",
            "module.eks.module.fargate_profile.data.aws_region.current",
            "module.eks.module.kms.aws_kms_external_key.this",
            "module.eks.module.kms.aws_kms_key.this",
            "module.eks.module.kms.aws_kms_replica_external_key.this",
            "module.eks.module.kms.aws_kms_replica_key.this",
            "module.eks.module.kms.data.aws_caller_identity.current",
            "module.eks.module.kms.data.aws_iam_policy_document.this",
            "module.eks.module.kms.data.aws_partition.current",
            "module.eks.module.self_managed_node_group.aws_autoscaling_group.this",
            "module.eks.module.self_managed_node_group.aws_autoscaling_schedule.this",
            "module.eks.module.self_managed_node_group.aws_eks_access_entry.this",
            "module.eks.module.self_managed_node_group.aws_iam_instance_profile.this",
            "module.eks.module.self_managed_node_group.aws_iam_role.this",
            "module.eks.module.self_managed_node_group.aws_iam_role_policy_attachment.additional",
            "module.eks.module.self_managed_node_group.aws_iam_role_policy_attachment.this",
            "module.eks.module.self_managed_node_group.aws_launch_template.this",
            "module.eks.module.self_managed_node_group.aws_placement_group.this",
            "module.eks.module.self_managed_node_group.data.aws_caller_identity.current",
            "module.eks.module.self_managed_node_group.data.aws_ec2_instance_type.this",
            "module.eks.module.self_managed_node_group.data.aws_ec2_instance_type_offerings.this",
            "module.eks.module.self_managed_node_group.data.aws_iam_policy_document.assume_role_policy",
            "module.eks.module.self_managed_node_group.data.aws_partition.current",
            "module.eks.module.self_managed_node_group.data.aws_ssm_parameter.ami",
            "module.eks.module.self_managed_node_group.data.aws_subnets.efa",
            "module.eks.module.self_managed_node_group.module.user_data.data.cloudinit_config.al2023_eks_managed_node_group",
            "module.eks.module.self_managed_node_group.module.user_data.data.cloudinit_config.linux_eks_managed_node_group",
            "module.eks.module.self_managed_node_group.module.user_data.null_resource.validate_cluster_service_cidr",
            "module.eks.time_sleep.this"
          ]
        },
        {
          "index_key": "vpc-cni",
          "schema_version": 0,
          "attributes": {
            "addon_name": "vpc-cni",
            "addon_version": "v1.18.2-eksbuild.1",
            "arn": "arn:aws:eks:ap-south-1:453231788378:addon/Three-Tier-K8s-EKS-Cluster/vpc-cni/0ac81392-4cde-afa1-3a90-7109aaf98920",
            "cluster_name": "Three-Tier-K8s-EKS-Cluster",
            "configuration_values": "",
            "created_at": "2024-06-17T17:00:28Z",
            "id": "Three-Tier-K8s-EKS-Cluster:vpc-cni",
            "modified_at": "2024-06-17T17:01:06Z",
            "preserve": true,
            "resolve_conflicts": null,
            "resolve_conflicts_on_create": "OVERWRITE",
            "resolve_conflicts_on_update": "OVERWRITE",
            "service_account_role_arn": "",
            "tags": {
              "Environment": "dev",
              "Terraform": "true"
            },
            "tags_all": {
              "Environment": "dev",
              "Terraform": "true"
            },
            "timeouts": {
              "create": null,
              "delete": null,
              "update": null
            }
          },
          "sensitive_attributes": [],
          "private": "eyJlMmJmYjczMC1lY2FhLTExZTYtOGY4OC0zNDM2M2JjN2M0YzAiOnsiY3JlYXRlIjoxMjAwMDAwMDAwMDAwLCJkZWxldGUiOjI0MDAwMDAwMDAwMDAsInVwZGF0ZSI6MTIwMDAwMDAwMDAwMH19",
          "dependencies": [
            "module.eks.aws_cloudwatch_log_group.this",
            "module.eks.aws_eks_cluster.this",
            "module.eks.aws_iam_policy.cni_ipv6_policy",
            "module.eks.aws_iam_role.this",
            "module.eks.aws_iam_role_policy_attachment.this",
            "module.eks.aws_security_group.cluster",
            "module.eks.aws_security_group.node",
            "module.eks.aws_security_group_rule.cluster",
            "module.eks.aws_security_group_rule.node",
            "module.eks.data.aws_caller_identity.current",
            "module.eks.data.aws_eks_addon_version.this",
            "module.eks.data.aws_iam_policy_document.assume_role_policy",
            "module.eks.data.aws_iam_policy_document.cni_ipv6_policy",
            "module.eks.data.aws_iam_session_context.current",
            "module.eks.data.aws_partition.current",
            "module.eks.module.eks_managed_node_group.aws_autoscaling_schedule.this",
            "module.eks.module.eks_managed_node_group.aws_eks_node_group.this",
            "module.eks.module.eks_managed_node_group.aws_iam_role.this",
            "module.eks.module.eks_managed_node_group.aws_iam_role_policy_attachment.additional",
            "module.eks.module.eks_managed_node_group.aws_iam_role_policy_attachment.this",
            "module.eks.module.eks_managed_node_group.aws_launch_template.this",
            "module.eks.module.eks_managed_node_group.aws_placement_group.this",
            "module.eks.module.eks_managed_node_group.data.aws_caller_identity.current",
            "module.eks.module.eks_managed_node_group.data.aws_ec2_instance_type.this",
            "module.eks.module.eks_managed_node_group.data.aws_ec2_instance_type_offerings.this",
            "module.eks.module.eks_managed_node_group.data.aws_iam_policy_document.assume_role_policy",
            "module.eks.module.eks_managed_node_group.data.aws_partition.current",
            "module.eks.module.eks_managed_node_group.data.aws_ssm_parameter.ami",
            "module.eks.module.eks_managed_node_group.data.aws_subnets.efa",
            "module.eks.module.eks_managed_node_group.module.user_data.data.cloudinit_config.al2023_eks_managed_node_group",
            "module.eks.module.eks_managed_node_group.module.user_data.data.cloudinit_config.linux_eks_managed_node_group",
            "module.eks.module.eks_managed_node_group.module.user_data.null_resource.validate_cluster_service_cidr",
            "module.eks.module.fargate_profile.aws_eks_fargate_profile.this",
            "module.eks.module.fargate_profile.aws_iam_role.this",
            "module.eks.module.fargate_profile.aws_iam_role_policy_attachment.additional",
            "module.eks.module.fargate_profile.aws_iam_role_policy_attachment.this",
            "module.eks.module.fargate_profile.data.aws_caller_identity.current",
            "module.eks.module.fargate_profile.data.aws_iam_policy_document.assume_role_policy",
            "module.eks.module.fargate_profile.data.aws_partition.current",
            "module.eks.module.fargate_profile.data.aws_region.current",
            "module.eks.module.kms.aws_kms_external_key.this",
            "module.eks.module.kms.aws_kms_key.this",
            "module.eks.module.kms.aws_kms_replica_external_key.this",
            "module.eks.module.kms.aws_kms_replica_key.this",
            "module.eks.module.kms.data.aws_caller_identity.current",
            "module.eks.module.kms.data.aws_iam_policy_document.this",
            "module.eks.module.kms.data.aws_partition.current",
            "module.eks.module.self_managed_node_group.aws_autoscaling_group.this",
            "module.eks.module.self_managed_node_group.aws_autoscaling_schedule.this",
            "module.eks.module.self_managed_node_group.aws_eks_access_entry.this",
            "module.eks.module.self_managed_node_group.aws_iam_instance_profile.this",
            "module.eks.module.self_managed_node_group.aws_iam_role.this",
            "module.eks.module.self_managed_node_group.aws_iam_role_policy_attachment.additional",
            "module.eks.module.self_managed_node_group.aws_iam_role_policy_attachment.this",
            "module.eks.module.self_managed_node_group.aws_launch_template.this",
            "module.eks.module.self_managed_node_group.aws_placement_group.this",
            "module.eks.module.self_managed_node_group.data.aws_caller_identity.current",
            "module.eks.module.self_managed_node_group.data.aws_ec2_instance_type.this",
            "module.eks.module.self_managed_node_group.data.aws_ec2_instance_type_offerings.this",
            "module.eks.module.self_managed_node_group.data.aws_iam_policy_document.assume_role_policy",
            "module.eks.module.self_managed_node_group.data.aws_partition.current",
            "module.eks.module.self_managed_node_group.data.aws_ssm_parameter.ami",
            "module.eks.module.self_managed_node_group.data.aws_subnets.efa",
            "module.eks.module.self_managed_node_group.module.user_data.data.cloudinit_config.al2023_eks_managed_node_group",
            "module.eks.module.self_managed_node_group.module.user_data.data.cloudinit_config.linux_eks_managed_node_group",
            "module.eks.module.self_managed_node_group.module.user_data.null_resource.validate_cluster_service_cidr",
            "module.eks.time_sleep.this"
          ]
        }
      ]
    },
    {
      "module": "module.eks",
      "mode": "managed",
      "type": "aws_eks_cluster",
      "name": "this",
      "provider": "provider[\"registry.terraform.io/hashicorp/aws\"]",
      "instances": [
        {
          "index_key": 0,
          "schema_version": 0,
          "attributes": {
            "access_config": [
              {
                "authentication_mode": "API_AND_CONFIG_MAP",
                "bootstrap_cluster_creator_admin_permissions": false
              }
            ],
            "arn": "arn:aws:eks:ap-south-1:453231788378:cluster/Three-Tier-K8s-EKS-Cluster",
            "certificate_authority": [
              {
                "data": "LS0tLS1CRUdJTiBDRVJUSUZJQ0FURS0tLS0tCk1JSURCVENDQWUyZ0F3SUJBZ0lJZmpXdGttRjNSem93RFFZSktvWklodmNOQVFFTEJRQXdGVEVUTUJFR0ExVUUKQXhNS2EzVmlaWEp1WlhSbGN6QWVGdzB5TkRBMk1UY3hOalE0TVRSYUZ3MHpOREEyTVRVeE5qVXpNVFJhTUJVeApFekFSQmdOVkJBTVRDbXQxWW1WeWJtVjBaWE13Z2dFaU1BMEdDU3FHU0liM0RRRUJBUVVBQTRJQkR3QXdnZ0VLCkFvSUJBUUREbnVUMURabFd5T09HbTMvQmwwOUNid0N2YnBnNEl1bk54VmRiNHZjeEt1MWNINEt1RGRCK0hNNGwKQnBMYWI4eEFnQWZ1eldDVmpIa0FlVjdyK1dDUXQ1dE9XTjZqZCtVNWhNUjgzSmVjRHhyUUJGMjk3a1BsWmUrRQpUQ0VSaDgrbVJtMUM0bXZRNDFxTWR4QkNuZEg4VGJGZlBnV0gzL2UwK2pVQ1k1YUUxK1NnWUVZR0VzR3h6TTNVCmlBQWZQOEMrbjlUeUt6OVJ1UDdFNzMyMVpZL2dTbXI0Ynl1cFN5VWh2NFRjNHJINlRkenBTbTRJWjh4aUpkL1EKSGFlUnp4eC9jMXdrU1FNc1hMaWszTWtpUnk1SmtOdGs0bFpQTHVORzhRclJHdm9aNEJCQWlOTzdHVldGSGlOaQpWNTdpVC9tQnZRejZEalpYa3J4VktzdWVZMFZGQWdNQkFBR2pXVEJYTUE0R0ExVWREd0VCL3dRRUF3SUNwREFQCkJnTlZIUk1CQWY4RUJUQURBUUgvTUIwR0ExVWREZ1FXQkJReTg1TjZUL2NuVmNQeUlDdkVDVkRUV0dQS3ZUQVYKQmdOVkhSRUVEakFNZ2dwcmRXSmxjbTVsZEdWek1BMEdDU3FHU0liM0RRRUJDd1VBQTRJQkFRQ21sbGdaUVRDdQpzWi9pUFJpUldQRjJhVDRGWUhLK0E5RUdNN2xOeUFEakVWeFluL01BZFN2UzRxNjljNitrZEgxUDI4NnVVajFrClEwWFNTbmVDdkxQTXAvYjQzUk40WUEwQncvdXNNVkRkZG5ldSt3eUt3SGgzOFcwU0xqVDg1NGMwZTg0MGdJK2cKejJCMmgyWWxLVFM3NUpMTHE1cU9oTFpSMDhjQ1U4N0tBcjNxalV1OXE1U1Frc3doK0hvM08vTVdFZXpHajlwWApacE5Ma3hQbnNzNWRISEZjQXRWQXFZZzRPOHkyYWZNa2lTalpoSjgyMU5QSmtuOUdtY0lmbEV5SmszNFpBeW00CnNnV1lRa1Y4V1NveGFad0p5dTBnbXJqY0tLR3NKeGF6T0poTzFDVVhSTWFPWFFVMkZQbWlrelpuZTMrRS9WVkQKdExtdmZ4L0tJWWRjCi0tLS0tRU5EIENFUlRJRklDQVRFLS0tLS0K"
              }
            ],
            "cluster_id": null,
            "created_at": "2024-06-17 16:49:05.618 +0000 UTC",
            "enabled_cluster_log_types": [
              "api",
              "audit",
              "authenticator"
            ],
            "encryption_config": [
              {
                "provider": [
                  {
                    "key_arn": "arn:aws:kms:ap-south-1:453231788378:key/cabb10f9-41bb-49b8-b99a-e518ebb06db9"
                  }
                ],
                "resources": [
                  "secrets"
                ]
              }
            ],
            "endpoint": "https://D3B9AE020BFF014E530D5A876E6FC261.gr7.ap-south-1.eks.amazonaws.com",
            "id": "Three-Tier-K8s-EKS-Cluster",
            "identity": [
              {
                "oidc": [
                  {
                    "issuer": "https://oidc.eks.ap-south-1.amazonaws.com/id/D3B9AE020BFF014E530D5A876E6FC261"
                  }
                ]
              }
            ],
            "kubernetes_network_config": [
              {
                "ip_family": "ipv4",
                "service_ipv4_cidr": "10.100.0.0/16",
                "service_ipv6_cidr": ""
              }
            ],
            "name": "Three-Tier-K8s-EKS-Cluster",
            "outpost_config": [],
            "platform_version": "eks.7",
            "role_arn": "arn:aws:iam::453231788378:role/Three-Tier-K8s-EKS-Cluster-cluster-20240617164838322800000004",
            "status": "ACTIVE",
            "tags": {
              "Environment": "dev",
              "Terraform": "true",
              "terraform-aws-modules": "eks"
            },
            "tags_all": {
              "Environment": "dev",
              "Terraform": "true",
              "terraform-aws-modules": "eks"
            },
            "timeouts": {
              "create": null,
              "delete": null,
              "update": null
            },
            "version": "1.29",
            "vpc_config": [
              {
                "cluster_security_group_id": "sg-00f457da53387ba24",
                "endpoint_private_access": true,
                "endpoint_public_access": true,
                "public_access_cidrs": [
                  "0.0.0.0/0"
                ],
                "security_group_ids": [
                  "sg-0032fe7ef26cd7d44"
                ],
                "subnet_ids": [
                  "subnet-00f6193907426233d",
                  "subnet-073139c2b6156c2cf",
                  "subnet-0cc6efd16f1e9981a"
                ],
                "vpc_id": "vpc-039ddf21eb0d40a2a"
              }
            ]
          },
          "sensitive_attributes": [],
          "private": "eyJlMmJmYjczMC1lY2FhLTExZTYtOGY4OC0zNDM2M2JjN2M0YzAiOnsiY3JlYXRlIjoxODAwMDAwMDAwMDAwLCJkZWxldGUiOjkwMDAwMDAwMDAwMCwidXBkYXRlIjozNjAwMDAwMDAwMDAwfX0=",
          "dependencies": [
            "module.eks.aws_cloudwatch_log_group.this",
            "module.eks.aws_iam_policy.cni_ipv6_policy",
            "module.eks.aws_iam_role.this",
            "module.eks.aws_iam_role_policy_attachment.this",
            "module.eks.aws_security_group.cluster",
            "module.eks.aws_security_group.node",
            "module.eks.aws_security_group_rule.cluster",
            "module.eks.aws_security_group_rule.node",
            "module.eks.data.aws_caller_identity.current",
            "module.eks.data.aws_iam_policy_document.assume_role_policy",
            "module.eks.data.aws_iam_policy_document.cni_ipv6_policy",
            "module.eks.data.aws_iam_session_context.current",
            "module.eks.data.aws_partition.current",
            "module.eks.module.kms.aws_kms_external_key.this",
            "module.eks.module.kms.aws_kms_key.this",
            "module.eks.module.kms.aws_kms_replica_external_key.this",
            "module.eks.module.kms.aws_kms_replica_key.this",
            "module.eks.module.kms.data.aws_caller_identity.current",
            "module.eks.module.kms.data.aws_iam_policy_document.this",
            "module.eks.module.kms.data.aws_partition.current"
          ],
          "create_before_destroy": true
        }
      ]
    },
    {
      "module": "module.eks",
      "mode": "managed",
      "type": "aws_iam_openid_connect_provider",
      "name": "oidc_provider",
      "provider": "provider[\"registry.terraform.io/hashicorp/aws\"]",
      "instances": [
        {
          "index_key": 0,
          "schema_version": 0,
          "attributes": {
            "arn": "arn:aws:iam::453231788378:oidc-provider/oidc.eks.ap-south-1.amazonaws.com/id/D3B9AE020BFF014E530D5A876E6FC261",
            "client_id_list": [
              "sts.amazonaws.com"
            ],
            "id": "arn:aws:iam::453231788378:oidc-provider/oidc.eks.ap-south-1.amazonaws.com/id/D3B9AE020BFF014E530D5A876E6FC261",
            "tags": {
              "Environment": "dev",
              "Name": "Three-Tier-K8s-EKS-Cluster-eks-irsa",
              "Terraform": "true"
            },
            "tags_all": {
              "Environment": "dev",
              "Name": "Three-Tier-K8s-EKS-Cluster-eks-irsa",
              "Terraform": "true"
            },
            "thumbprint_list": [
              "9e99a48a9960b14926bb7f3b02e22da2b0ab7280"
            ],
            "url": "oidc.eks.ap-south-1.amazonaws.com/id/D3B9AE020BFF014E530D5A876E6FC261"
          },
          "sensitive_attributes": [],
          "private": "bnVsbA==",
          "dependencies": [
            "module.eks.aws_cloudwatch_log_group.this",
            "module.eks.aws_eks_cluster.this",
            "module.eks.aws_iam_policy.cni_ipv6_policy",
            "module.eks.aws_iam_role.this",
            "module.eks.aws_iam_role_policy_attachment.this",
            "module.eks.aws_security_group.cluster",
            "module.eks.aws_security_group.node",
            "module.eks.aws_security_group_rule.cluster",
            "module.eks.aws_security_group_rule.node",
            "module.eks.data.aws_caller_identity.current",
            "module.eks.data.aws_iam_policy_document.assume_role_policy",
            "module.eks.data.aws_iam_policy_document.cni_ipv6_policy",
            "module.eks.data.aws_iam_session_context.current",
            "module.eks.data.aws_partition.current",
            "module.eks.data.tls_certificate.this",
            "module.eks.module.kms.aws_kms_external_key.this",
            "module.eks.module.kms.aws_kms_key.this",
            "module.eks.module.kms.aws_kms_replica_external_key.this",
            "module.eks.module.kms.aws_kms_replica_key.this",
            "module.eks.module.kms.data.aws_caller_identity.current",
            "module.eks.module.kms.data.aws_iam_policy_document.this",
            "module.eks.module.kms.data.aws_partition.current"
          ]
        }
      ]
    },
    {
      "module": "module.eks",
      "mode": "managed",
      "type": "aws_iam_policy",
      "name": "cluster_encryption",
      "provider": "provider[\"registry.terraform.io/hashicorp/aws\"]",
      "instances": [
        {
          "index_key": 0,
          "schema_version": 0,
          "attributes": {
            "arn": "arn:aws:iam::453231788378:policy/Three-Tier-K8s-EKS-Cluster-cluster-ClusterEncryption2024061716490296800000000b",
            "attachment_count": 0,
            "description": "Cluster encryption policy to allow cluster role to utilize CMK provided",
            "id": "arn:aws:iam::453231788378:policy/Three-Tier-K8s-EKS-Cluster-cluster-ClusterEncryption2024061716490296800000000b",
            "name": "Three-Tier-K8s-EKS-Cluster-cluster-ClusterEncryption2024061716490296800000000b",
            "name_prefix": "Three-Tier-K8s-EKS-Cluster-cluster-ClusterEncryption",
            "path": "/",
            "policy": "{\"Statement\":[{\"Action\":[\"kms:Encrypt\",\"kms:Decrypt\",\"kms:ListGrants\",\"kms:DescribeKey\"],\"Effect\":\"Allow\",\"Resource\":\"arn:aws:kms:ap-south-1:453231788378:key/cabb10f9-41bb-49b8-b99a-e518ebb06db9\"}],\"Version\":\"2012-10-17\"}",
            "policy_id": "ANPAWTBVYIFNOFURIEIRR",
            "tags": {
              "Environment": "dev",
              "Terraform": "true"
            },
            "tags_all": {
              "Environment": "dev",
              "Terraform": "true"
            }
          },
          "sensitive_attributes": [],
          "private": "bnVsbA==",
          "dependencies": [
            "module.eks.aws_iam_role.this",
            "module.eks.data.aws_caller_identity.current",
            "module.eks.data.aws_iam_policy_document.assume_role_policy",
            "module.eks.data.aws_iam_session_context.current",
            "module.eks.module.kms.aws_kms_external_key.this",
            "module.eks.module.kms.aws_kms_key.this",
            "module.eks.module.kms.aws_kms_replica_external_key.this",
            "module.eks.module.kms.aws_kms_replica_key.this",
            "module.eks.module.kms.data.aws_caller_identity.current",
            "module.eks.module.kms.data.aws_iam_policy_document.this",
            "module.eks.module.kms.data.aws_partition.current"
          ]
        }
      ]
    },
    {
      "module": "module.eks",
      "mode": "managed",
      "type": "aws_iam_policy",
      "name": "cni_ipv6_policy",
      "provider": "provider[\"registry.terraform.io/hashicorp/aws\"]",
      "instances": []
    },
    {
      "module": "module.eks",
      "mode": "managed",
      "type": "aws_iam_role",
      "name": "this",
      "provider": "provider[\"registry.terraform.io/hashicorp/aws\"]",
      "instances": [
        {
          "index_key": 0,
          "schema_version": 0,
          "attributes": {
            "arn": "arn:aws:iam::453231788378:role/Three-Tier-K8s-EKS-Cluster-cluster-20240617164838322800000004",
            "assume_role_policy": "{\"Statement\":[{\"Action\":\"sts:AssumeRole\",\"Effect\":\"Allow\",\"Principal\":{\"Service\":\"eks.amazonaws.com\"},\"Sid\":\"EKSClusterAssumeRole\"}],\"Version\":\"2012-10-17\"}",
            "create_date": "2024-06-17T16:48:40Z",
            "description": "",
            "force_detach_policies": true,
            "id": "Three-Tier-K8s-EKS-Cluster-cluster-20240617164838322800000004",
            "inline_policy": [
              {
                "name": "Three-Tier-K8s-EKS-Cluster-cluster",
                "policy": "{\"Version\":\"2012-10-17\",\"Statement\":[{\"Action\":[\"logs:CreateLogGroup\"],\"Effect\":\"Deny\",\"Resource\":\"*\"}]}"
              }
            ],
            "managed_policy_arns": [],
            "max_session_duration": 3600,
            "name": "Three-Tier-K8s-EKS-Cluster-cluster-20240617164838322800000004",
            "name_prefix": "Three-Tier-K8s-EKS-Cluster-cluster-",
            "path": "/",
            "permissions_boundary": "",
            "tags": {
              "Environment": "dev",
              "Terraform": "true"
            },
            "tags_all": {
              "Environment": "dev",
              "Terraform": "true"
            },
            "unique_id": "AROAWTBVYIFNOUX44U4AT"
          },
          "sensitive_attributes": [],
          "private": "bnVsbA==",
          "dependencies": [
            "module.eks.data.aws_iam_policy_document.assume_role_policy"
          ],
          "create_before_destroy": true
        }
      ]
    },
    {
      "module": "module.eks",
      "mode": "managed",
      "type": "aws_iam_role_policy_attachment",
      "name": "cluster_encryption",
      "provider": "provider[\"registry.terraform.io/hashicorp/aws\"]",
      "instances": [
        {
          "index_key": 0,
          "schema_version": 0,
          "attributes": {
            "id": "Three-Tier-K8s-EKS-Cluster-cluster-20240617164838322800000004-2024061716490417300000000c",
            "policy_arn": "arn:aws:iam::453231788378:policy/Three-Tier-K8s-EKS-Cluster-cluster-ClusterEncryption2024061716490296800000000b",
            "role": "Three-Tier-K8s-EKS-Cluster-cluster-20240617164838322800000004"
          },
          "sensitive_attributes": [],
          "private": "bnVsbA==",
          "dependencies": [
            "module.eks.aws_iam_policy.cluster_encryption",
            "module.eks.aws_iam_role.this",
            "module.eks.data.aws_caller_identity.current",
            "module.eks.data.aws_iam_policy_document.assume_role_policy",
            "module.eks.data.aws_iam_session_context.current",
            "module.eks.module.kms.aws_kms_external_key.this",
            "module.eks.module.kms.aws_kms_key.this",
            "module.eks.module.kms.aws_kms_replica_external_key.this",
            "module.eks.module.kms.aws_kms_replica_key.this",
            "module.eks.module.kms.data.aws_caller_identity.current",
            "module.eks.module.kms.data.aws_iam_policy_document.this",
            "module.eks.module.kms.data.aws_partition.current"
          ]
        }
      ]
    },
    {
      "module": "module.eks",
      "mode": "managed",
      "type": "aws_iam_role_policy_attachment",
      "name": "this",
      "provider": "provider[\"registry.terraform.io/hashicorp/aws\"]",
      "instances": [
        {
          "index_key": "AmazonEKSClusterPolicy",
          "schema_version": 0,
          "attributes": {
            "id": "Three-Tier-K8s-EKS-Cluster-cluster-20240617164838322800000004-2024061716484294820000000a",
            "policy_arn": "arn:aws:iam::aws:policy/AmazonEKSClusterPolicy",
            "role": "Three-Tier-K8s-EKS-Cluster-cluster-20240617164838322800000004"
          },
          "sensitive_attributes": [],
          "private": "bnVsbA==",
          "dependencies": [
            "module.eks.aws_iam_role.this",
            "module.eks.data.aws_iam_policy_document.assume_role_policy",
            "module.eks.data.aws_partition.current"
          ],
          "create_before_destroy": true
        },
        {
          "index_key": "AmazonEKSVPCResourceController",
          "schema_version": 0,
          "attributes": {
            "id": "Three-Tier-K8s-EKS-Cluster-cluster-20240617164838322800000004-20240617164842798700000009",
            "policy_arn": "arn:aws:iam::aws:policy/AmazonEKSVPCResourceController",
            "role": "Three-Tier-K8s-EKS-Cluster-cluster-20240617164838322800000004"
          },
          "sensitive_attributes": [],
          "private": "bnVsbA==",
          "dependencies": [
            "module.eks.aws_iam_role.this",
            "module.eks.data.aws_iam_policy_document.assume_role_policy",
            "module.eks.data.aws_partition.current"
          ],
          "create_before_destroy": true
        }
      ]
    },
    {
      "module": "module.eks",
      "mode": "managed",
      "type": "aws_security_group",
      "name": "cluster",
      "provider": "provider[\"registry.terraform.io/hashicorp/aws\"]",
      "instances": [
        {
          "index_key": 0,
          "schema_version": 1,
          "attributes": {
            "arn": "arn:aws:ec2:ap-south-1:453231788378:security-group/sg-0032fe7ef26cd7d44",
            "description": "EKS cluster security group",
            "egress": [],
            "id": "sg-0032fe7ef26cd7d44",
            "ingress": [],
            "name": "Three-Tier-K8s-EKS-Cluster-cluster-20240617164838322800000002",
            "name_prefix": "Three-Tier-K8s-EKS-Cluster-cluster-",
            "owner_id": "453231788378",
            "revoke_rules_on_delete": false,
            "tags": {
              "Environment": "dev",
              "Name": "Three-Tier-K8s-EKS-Cluster-cluster",
              "Terraform": "true"
            },
            "tags_all": {
              "Environment": "dev",
              "Name": "Three-Tier-K8s-EKS-Cluster-cluster",
              "Terraform": "true"
            },
            "timeouts": null,
            "vpc_id": "vpc-039ddf21eb0d40a2a"
          },
          "sensitive_attributes": [],
          "private": "eyJlMmJmYjczMC1lY2FhLTExZTYtOGY4OC0zNDM2M2JjN2M0YzAiOnsiY3JlYXRlIjo2MDAwMDAwMDAwMDAsImRlbGV0ZSI6OTAwMDAwMDAwMDAwfSwic2NoZW1hX3ZlcnNpb24iOiIxIn0=",
          "create_before_destroy": true
        }
      ]
    },
    {
      "module": "module.eks",
      "mode": "managed",
      "type": "aws_security_group",
      "name": "node",
      "provider": "provider[\"registry.terraform.io/hashicorp/aws\"]",
      "instances": [
        {
          "index_key": 0,
          "schema_version": 1,
          "attributes": {
            "arn": "arn:aws:ec2:ap-south-1:453231788378:security-group/sg-01b2c31513a4a2665",
            "description": "EKS node shared security group",
            "egress": [],
            "id": "sg-01b2c31513a4a2665",
            "ingress": [],
            "name": "Three-Tier-K8s-EKS-Cluster-node-20240617164838322800000003",
            "name_prefix": "Three-Tier-K8s-EKS-Cluster-node-",
            "owner_id": "453231788378",
            "revoke_rules_on_delete": false,
            "tags": {
              "Environment": "dev",
              "Name": "Three-Tier-K8s-EKS-Cluster-node",
              "Terraform": "true",
              "kubernetes.io/cluster/Three-Tier-K8s-EKS-Cluster": "owned"
            },
            "tags_all": {
              "Environment": "dev",
              "Name": "Three-Tier-K8s-EKS-Cluster-node",
              "Terraform": "true",
              "kubernetes.io/cluster/Three-Tier-K8s-EKS-Cluster": "owned"
            },
            "timeouts": null,
            "vpc_id": "vpc-039ddf21eb0d40a2a"
          },
          "sensitive_attributes": [],
          "private": "eyJlMmJmYjczMC1lY2FhLTExZTYtOGY4OC0zNDM2M2JjN2M0YzAiOnsiY3JlYXRlIjo2MDAwMDAwMDAwMDAsImRlbGV0ZSI6OTAwMDAwMDAwMDAwfSwic2NoZW1hX3ZlcnNpb24iOiIxIn0=",
          "create_before_destroy": true
        }
      ]
    },
    {
      "module": "module.eks",
      "mode": "managed",
      "type": "aws_security_group_rule",
      "name": "cluster",
      "provider": "provider[\"registry.terraform.io/hashicorp/aws\"]",
      "instances": [
        {
          "index_key": "ingress_nodes_443",
          "schema_version": 2,
          "attributes": {
            "cidr_blocks": null,
            "description": "Node groups to cluster API",
            "from_port": 443,
            "id": "sgrule-1710414708",
            "ipv6_cidr_blocks": null,
            "prefix_list_ids": null,
            "protocol": "tcp",
            "security_group_id": "sg-0032fe7ef26cd7d44",
            "security_group_rule_id": "sgr-0b19f1a45401b6437",
            "self": false,
            "source_security_group_id": "sg-01b2c31513a4a2665",
            "timeouts": null,
            "to_port": 443,
            "type": "ingress"
          },
          "sensitive_attributes": [],
          "private": "eyJlMmJmYjczMC1lY2FhLTExZTYtOGY4OC0zNDM2M2JjN2M0YzAiOnsiY3JlYXRlIjozMDAwMDAwMDAwMDB9LCJzY2hlbWFfdmVyc2lvbiI6IjIifQ==",
          "dependencies": [
            "module.eks.aws_security_group.cluster",
            "module.eks.aws_security_group.node"
          ],
          "create_before_destroy": true
        }
      ]
    },
    {
      "module": "module.eks",
      "mode": "managed",
      "type": "aws_security_group_rule",
      "name": "node",
      "provider": "provider[\"registry.terraform.io/hashicorp/aws\"]",
      "instances": [
        {
          "index_key": "egress_all",
          "schema_version": 2,
          "attributes": {
            "cidr_blocks": [
              "0.0.0.0/0"
            ],
            "description": "Allow all egress",
            "from_port": 0,
            "id": "sgrule-1246786181",
            "ipv6_cidr_blocks": null,
            "prefix_list_ids": [],
            "protocol": "-1",
            "security_group_id": "sg-01b2c31513a4a2665",
            "security_group_rule_id": "sgr-00a8d8aa5ed56767c",
            "self": false,
            "source_security_group_id": null,
            "timeouts": null,
            "to_port": 0,
            "type": "egress"
          },
          "sensitive_attributes": [],
          "private": "eyJlMmJmYjczMC1lY2FhLTExZTYtOGY4OC0zNDM2M2JjN2M0YzAiOnsiY3JlYXRlIjozMDAwMDAwMDAwMDB9LCJzY2hlbWFfdmVyc2lvbiI6IjIifQ==",
          "dependencies": [
            "module.eks.aws_security_group.cluster",
            "module.eks.aws_security_group.node"
          ],
          "create_before_destroy": true
        },
        {
          "index_key": "ingress_cluster_443",
          "schema_version": 2,
          "attributes": {
            "cidr_blocks": null,
            "description": "Cluster API to node groups",
            "from_port": 443,
            "id": "sgrule-99484820",
            "ipv6_cidr_blocks": null,
            "prefix_list_ids": [],
            "protocol": "tcp",
            "security_group_id": "sg-01b2c31513a4a2665",
            "security_group_rule_id": "sgr-06f152878712dac87",
            "self": false,
            "source_security_group_id": "sg-0032fe7ef26cd7d44",
            "timeouts": null,
            "to_port": 443,
            "type": "ingress"
          },
          "sensitive_attributes": [],
          "private": "eyJlMmJmYjczMC1lY2FhLTExZTYtOGY4OC0zNDM2M2JjN2M0YzAiOnsiY3JlYXRlIjozMDAwMDAwMDAwMDB9LCJzY2hlbWFfdmVyc2lvbiI6IjIifQ==",
          "dependencies": [
            "module.eks.aws_security_group.cluster",
            "module.eks.aws_security_group.node"
          ],
          "create_before_destroy": true
        },
        {
          "index_key": "ingress_cluster_4443_webhook",
          "schema_version": 2,
          "attributes": {
            "cidr_blocks": null,
            "description": "Cluster API to node 4443/tcp webhook",
            "from_port": 4443,
            "id": "sgrule-2052546458",
            "ipv6_cidr_blocks": null,
            "prefix_list_ids": [],
            "protocol": "tcp",
            "security_group_id": "sg-01b2c31513a4a2665",
            "security_group_rule_id": "sgr-0c096868211719e19",
            "self": false,
            "source_security_group_id": "sg-0032fe7ef26cd7d44",
            "timeouts": null,
            "to_port": 4443,
            "type": "ingress"
          },
          "sensitive_attributes": [],
          "private": "eyJlMmJmYjczMC1lY2FhLTExZTYtOGY4OC0zNDM2M2JjN2M0YzAiOnsiY3JlYXRlIjozMDAwMDAwMDAwMDB9LCJzY2hlbWFfdmVyc2lvbiI6IjIifQ==",
          "dependencies": [
            "module.eks.aws_security_group.cluster",
            "module.eks.aws_security_group.node"
          ],
          "create_before_destroy": true
        },
        {
          "index_key": "ingress_cluster_6443_webhook",
          "schema_version": 2,
          "attributes": {
            "cidr_blocks": null,
            "description": "Cluster API to node 6443/tcp webhook",
            "from_port": 6443,
            "id": "sgrule-1290455024",
            "ipv6_cidr_blocks": null,
            "prefix_list_ids": [],
            "protocol": "tcp",
            "security_group_id": "sg-01b2c31513a4a2665",
            "security_group_rule_id": "sgr-06730614c26f2f268",
            "self": false,
            "source_security_group_id": "sg-0032fe7ef26cd7d44",
            "timeouts": null,
            "to_port": 6443,
            "type": "ingress"
          },
          "sensitive_attributes": [],
          "private": "eyJlMmJmYjczMC1lY2FhLTExZTYtOGY4OC0zNDM2M2JjN2M0YzAiOnsiY3JlYXRlIjozMDAwMDAwMDAwMDB9LCJzY2hlbWFfdmVyc2lvbiI6IjIifQ==",
          "dependencies": [
            "module.eks.aws_security_group.cluster",
            "module.eks.aws_security_group.node"
          ],
          "create_before_destroy": true
        },
        {
          "index_key": "ingress_cluster_8443_webhook",
          "schema_version": 2,
          "attributes": {
            "cidr_blocks": null,
            "description": "Cluster API to node 8443/tcp webhook",
            "from_port": 8443,
            "id": "sgrule-1605827537",
            "ipv6_cidr_blocks": null,
            "prefix_list_ids": [],
            "protocol": "tcp",
            "security_group_id": "sg-01b2c31513a4a2665",
            "security_group_rule_id": "sgr-0b20f0abc63772a12",
            "self": false,
            "source_security_group_id": "sg-0032fe7ef26cd7d44",
            "timeouts": null,
            "to_port": 8443,
            "type": "ingress"
          },
          "sensitive_attributes": [],
          "private": "eyJlMmJmYjczMC1lY2FhLTExZTYtOGY4OC0zNDM2M2JjN2M0YzAiOnsiY3JlYXRlIjozMDAwMDAwMDAwMDB9LCJzY2hlbWFfdmVyc2lvbiI6IjIifQ==",
          "dependencies": [
            "module.eks.aws_security_group.cluster",
            "module.eks.aws_security_group.node"
          ],
          "create_before_destroy": true
        },
        {
          "index_key": "ingress_cluster_9443_webhook",
          "schema_version": 2,
          "attributes": {
            "cidr_blocks": null,
            "description": "Cluster API to node 9443/tcp webhook",
            "from_port": 9443,
            "id": "sgrule-991414298",
            "ipv6_cidr_blocks": null,
            "prefix_list_ids": [],
            "protocol": "tcp",
            "security_group_id": "sg-01b2c31513a4a2665",
            "security_group_rule_id": "sgr-03c7e251818d71344",
            "self": false,
            "source_security_group_id": "sg-0032fe7ef26cd7d44",
            "timeouts": null,
            "to_port": 9443,
            "type": "ingress"
          },
          "sensitive_attributes": [],
          "private": "eyJlMmJmYjczMC1lY2FhLTExZTYtOGY4OC0zNDM2M2JjN2M0YzAiOnsiY3JlYXRlIjozMDAwMDAwMDAwMDB9LCJzY2hlbWFfdmVyc2lvbiI6IjIifQ==",
          "dependencies": [
            "module.eks.aws_security_group.cluster",
            "module.eks.aws_security_group.node"
          ],
          "create_before_destroy": true
        },
        {
          "index_key": "ingress_cluster_kubelet",
          "schema_version": 2,
          "attributes": {
            "cidr_blocks": null,
            "description": "Cluster API to node kubelets",
            "from_port": 10250,
            "id": "sgrule-949512359",
            "ipv6_cidr_blocks": null,
            "prefix_list_ids": [],
            "protocol": "tcp",
            "security_group_id": "sg-01b2c31513a4a2665",
            "security_group_rule_id": "sgr-09e58e756b8481ed4",
            "self": false,
            "source_security_group_id": "sg-0032fe7ef26cd7d44",
            "timeouts": null,
            "to_port": 10250,
            "type": "ingress"
          },
          "sensitive_attributes": [],
          "private": "eyJlMmJmYjczMC1lY2FhLTExZTYtOGY4OC0zNDM2M2JjN2M0YzAiOnsiY3JlYXRlIjozMDAwMDAwMDAwMDB9LCJzY2hlbWFfdmVyc2lvbiI6IjIifQ==",
          "dependencies": [
            "module.eks.aws_security_group.cluster",
            "module.eks.aws_security_group.node"
          ],
          "create_before_destroy": true
        },
        {
          "index_key": "ingress_nodes_ephemeral",
          "schema_version": 2,
          "attributes": {
            "cidr_blocks": null,
            "description": "Node to node ingress on ephemeral ports",
            "from_port": 1025,
            "id": "sgrule-1930217225",
            "ipv6_cidr_blocks": null,
            "prefix_list_ids": [],
            "protocol": "tcp",
            "security_group_id": "sg-01b2c31513a4a2665",
            "security_group_rule_id": "sgr-01c436881e56d8b08",
            "self": true,
            "source_security_group_id": null,
            "timeouts": null,
            "to_port": 65535,
            "type": "ingress"
          },
          "sensitive_attributes": [],
          "private": "eyJlMmJmYjczMC1lY2FhLTExZTYtOGY4OC0zNDM2M2JjN2M0YzAiOnsiY3JlYXRlIjozMDAwMDAwMDAwMDB9LCJzY2hlbWFfdmVyc2lvbiI6IjIifQ==",
          "dependencies": [
            "module.eks.aws_security_group.cluster",
            "module.eks.aws_security_group.node"
          ],
          "create_before_destroy": true
        },
        {
          "index_key": "ingress_self_coredns_tcp",
          "schema_version": 2,
          "attributes": {
            "cidr_blocks": null,
            "description": "Node to node CoreDNS",
            "from_port": 53,
            "id": "sgrule-1388176032",
            "ipv6_cidr_blocks": null,
            "prefix_list_ids": [],
            "protocol": "tcp",
            "security_group_id": "sg-01b2c31513a4a2665",
            "security_group_rule_id": "sgr-06da3547689fb4140",
            "self": true,
            "source_security_group_id": null,
            "timeouts": null,
            "to_port": 53,
            "type": "ingress"
          },
          "sensitive_attributes": [],
          "private": "eyJlMmJmYjczMC1lY2FhLTExZTYtOGY4OC0zNDM2M2JjN2M0YzAiOnsiY3JlYXRlIjozMDAwMDAwMDAwMDB9LCJzY2hlbWFfdmVyc2lvbiI6IjIifQ==",
          "dependencies": [
            "module.eks.aws_security_group.cluster",
            "module.eks.aws_security_group.node"
          ],
          "create_before_destroy": true
        },
        {
          "index_key": "ingress_self_coredns_udp",
          "schema_version": 2,
          "attributes": {
            "cidr_blocks": null,
            "description": "Node to node CoreDNS UDP",
            "from_port": 53,
            "id": "sgrule-152944271",
            "ipv6_cidr_blocks": null,
            "prefix_list_ids": [],
            "protocol": "udp",
            "security_group_id": "sg-01b2c31513a4a2665",
            "security_group_rule_id": "sgr-01a73dea5604490fe",
            "self": true,
            "source_security_group_id": null,
            "timeouts": null,
            "to_port": 53,
            "type": "ingress"
          },
          "sensitive_attributes": [],
          "private": "eyJlMmJmYjczMC1lY2FhLTExZTYtOGY4OC0zNDM2M2JjN2M0YzAiOnsiY3JlYXRlIjozMDAwMDAwMDAwMDB9LCJzY2hlbWFfdmVyc2lvbiI6IjIifQ==",
          "dependencies": [
            "module.eks.aws_security_group.cluster",
            "module.eks.aws_security_group.node"
          ],
          "create_before_destroy": true
        }
      ]
    },
    {
      "module": "module.eks",
      "mode": "managed",
      "type": "time_sleep",
      "name": "this",
      "provider": "provider[\"registry.terraform.io/hashicorp/time\"]",
      "instances": [
        {
          "index_key": 0,
          "schema_version": 0,
          "attributes": {
            "create_duration": "30s",
            "destroy_duration": null,
            "id": "2024-06-17T16:57:37Z",
            "triggers": {
              "cluster_certificate_authority_data": "LS0tLS1CRUdJTiBDRVJUSUZJQ0FURS0tLS0tCk1JSURCVENDQWUyZ0F3SUJBZ0lJZmpXdGttRjNSem93RFFZSktvWklodmNOQVFFTEJRQXdGVEVUTUJFR0ExVUUKQXhNS2EzVmlaWEp1WlhSbGN6QWVGdzB5TkRBMk1UY3hOalE0TVRSYUZ3MHpOREEyTVRVeE5qVXpNVFJhTUJVeApFekFSQmdOVkJBTVRDbXQxWW1WeWJtVjBaWE13Z2dFaU1BMEdDU3FHU0liM0RRRUJBUVVBQTRJQkR3QXdnZ0VLCkFvSUJBUUREbnVUMURabFd5T09HbTMvQmwwOUNid0N2YnBnNEl1bk54VmRiNHZjeEt1MWNINEt1RGRCK0hNNGwKQnBMYWI4eEFnQWZ1eldDVmpIa0FlVjdyK1dDUXQ1dE9XTjZqZCtVNWhNUjgzSmVjRHhyUUJGMjk3a1BsWmUrRQpUQ0VSaDgrbVJtMUM0bXZRNDFxTWR4QkNuZEg4VGJGZlBnV0gzL2UwK2pVQ1k1YUUxK1NnWUVZR0VzR3h6TTNVCmlBQWZQOEMrbjlUeUt6OVJ1UDdFNzMyMVpZL2dTbXI0Ynl1cFN5VWh2NFRjNHJINlRkenBTbTRJWjh4aUpkL1EKSGFlUnp4eC9jMXdrU1FNc1hMaWszTWtpUnk1SmtOdGs0bFpQTHVORzhRclJHdm9aNEJCQWlOTzdHVldGSGlOaQpWNTdpVC9tQnZRejZEalpYa3J4VktzdWVZMFZGQWdNQkFBR2pXVEJYTUE0R0ExVWREd0VCL3dRRUF3SUNwREFQCkJnTlZIUk1CQWY4RUJUQURBUUgvTUIwR0ExVWREZ1FXQkJReTg1TjZUL2NuVmNQeUlDdkVDVkRUV0dQS3ZUQVYKQmdOVkhSRUVEakFNZ2dwcmRXSmxjbTVsZEdWek1BMEdDU3FHU0liM0RRRUJDd1VBQTRJQkFRQ21sbGdaUVRDdQpzWi9pUFJpUldQRjJhVDRGWUhLK0E5RUdNN2xOeUFEakVWeFluL01BZFN2UzRxNjljNitrZEgxUDI4NnVVajFrClEwWFNTbmVDdkxQTXAvYjQzUk40WUEwQncvdXNNVkRkZG5ldSt3eUt3SGgzOFcwU0xqVDg1NGMwZTg0MGdJK2cKejJCMmgyWWxLVFM3NUpMTHE1cU9oTFpSMDhjQ1U4N0tBcjNxalV1OXE1U1Frc3doK0hvM08vTVdFZXpHajlwWApacE5Ma3hQbnNzNWRISEZjQXRWQXFZZzRPOHkyYWZNa2lTalpoSjgyMU5QSmtuOUdtY0lmbEV5SmszNFpBeW00CnNnV1lRa1Y4V1NveGFad0p5dTBnbXJqY0tLR3NKeGF6T0poTzFDVVhSTWFPWFFVMkZQbWlrelpuZTMrRS9WVkQKdExtdmZ4L0tJWWRjCi0tLS0tRU5EIENFUlRJRklDQVRFLS0tLS0K",
              "cluster_endpoint": "https://D3B9AE020BFF014E530D5A876E6FC261.gr7.ap-south-1.eks.amazonaws.com",
              "cluster_name": "Three-Tier-K8s-EKS-Cluster",
              "cluster_service_cidr": "10.100.0.0/16",
              "cluster_version": "1.29"
            }
          },
          "sensitive_attributes": [],
          "dependencies": [
            "module.eks.aws_cloudwatch_log_group.this",
            "module.eks.aws_eks_cluster.this",
            "module.eks.aws_iam_policy.cni_ipv6_policy",
            "module.eks.aws_iam_role.this",
            "module.eks.aws_iam_role_policy_attachment.this",
            "module.eks.aws_security_group.cluster",
            "module.eks.aws_security_group.node",
            "module.eks.aws_security_group_rule.cluster",
            "module.eks.aws_security_group_rule.node",
            "module.eks.data.aws_caller_identity.current",
            "module.eks.data.aws_iam_policy_document.assume_role_policy",
            "module.eks.data.aws_iam_policy_document.cni_ipv6_policy",
            "module.eks.data.aws_iam_session_context.current",
            "module.eks.data.aws_partition.current",
            "module.eks.module.kms.aws_kms_external_key.this",
            "module.eks.module.kms.aws_kms_key.this",
            "module.eks.module.kms.aws_kms_replica_external_key.this",
            "module.eks.module.kms.aws_kms_replica_key.this",
            "module.eks.module.kms.data.aws_caller_identity.current",
            "module.eks.module.kms.data.aws_iam_policy_document.this",
            "module.eks.module.kms.data.aws_partition.current"
          ],
          "create_before_destroy": true
        }
      ]
    },
    {
      "module": "module.eks.module.eks_managed_node_group[\"example\"]",
      "mode": "data",
      "type": "aws_caller_identity",
      "name": "current",
      "provider": "provider[\"registry.terraform.io/hashicorp/aws\"]",
      "instances": [
        {
          "schema_version": 0,
          "attributes": {
            "account_id": "453231788378",
            "arn": "arn:aws:iam::453231788378:user/MyCrystalRoot-IAM",
            "id": "453231788378",
            "user_id": "AIDAWTBVYIFNCUBNE5MHZ"
          },
          "sensitive_attributes": []
        }
      ]
    },
    {
      "module": "module.eks.module.eks_managed_node_group[\"example\"]",
      "mode": "data",
      "type": "aws_ec2_instance_type",
      "name": "this",
      "provider": "provider[\"registry.terraform.io/hashicorp/aws\"]",
      "instances": []
    },
    {
      "module": "module.eks.module.eks_managed_node_group[\"example\"]",
      "mode": "data",
      "type": "aws_ec2_instance_type_offerings",
      "name": "this",
      "provider": "provider[\"registry.terraform.io/hashicorp/aws\"]",
      "instances": []
    },
    {
      "module": "module.eks.module.eks_managed_node_group[\"example\"]",
      "mode": "data",
      "type": "aws_iam_policy_document",
      "name": "assume_role_policy",
      "provider": "provider[\"registry.terraform.io/hashicorp/aws\"]",
      "instances": [
        {
          "index_key": 0,
          "schema_version": 0,
          "attributes": {
            "id": "1734879000",
            "json": "{\n  \"Version\": \"2012-10-17\",\n  \"Statement\": [\n    {\n      \"Sid\": \"EKSNodeAssumeRole\",\n      \"Effect\": \"Allow\",\n      \"Action\": \"sts:AssumeRole\",\n      \"Principal\": {\n        \"Service\": \"ec2.amazonaws.com\"\n      }\n    }\n  ]\n}",
            "override_json": null,
            "override_policy_documents": null,
            "policy_id": null,
            "source_json": null,
            "source_policy_documents": null,
            "statement": [
              {
                "actions": [
                  "sts:AssumeRole"
                ],
                "condition": [],
                "effect": "Allow",
                "not_actions": [],
                "not_principals": [],
                "not_resources": [],
                "principals": [
                  {
                    "identifiers": [
                      "ec2.amazonaws.com"
                    ],
                    "type": "Service"
                  }
                ],
                "resources": [],
                "sid": "EKSNodeAssumeRole"
              }
            ],
            "version": "2012-10-17"
          },
          "sensitive_attributes": []
        }
      ]
    },
    {
      "module": "module.eks.module.eks_managed_node_group[\"example\"]",
      "mode": "data",
      "type": "aws_partition",
      "name": "current",
      "provider": "provider[\"registry.terraform.io/hashicorp/aws\"]",
      "instances": [
        {
          "schema_version": 0,
          "attributes": {
            "dns_suffix": "amazonaws.com",
            "id": "aws",
            "partition": "aws",
            "reverse_dns_prefix": "com.amazonaws"
          },
          "sensitive_attributes": []
        }
      ]
    },
    {
      "module": "module.eks.module.eks_managed_node_group[\"example\"]",
      "mode": "data",
      "type": "aws_ssm_parameter",
      "name": "ami",
      "provider": "provider[\"registry.terraform.io/hashicorp/aws\"]",
      "instances": []
    },
    {
      "module": "module.eks.module.eks_managed_node_group[\"example\"]",
      "mode": "data",
      "type": "aws_subnets",
      "name": "efa",
      "provider": "provider[\"registry.terraform.io/hashicorp/aws\"]",
      "instances": []
    },
    {
      "module": "module.eks.module.eks_managed_node_group[\"example\"]",
      "mode": "managed",
      "type": "aws_autoscaling_schedule",
      "name": "this",
      "provider": "provider[\"registry.terraform.io/hashicorp/aws\"]",
      "instances": []
    },
    {
      "module": "module.eks.module.eks_managed_node_group[\"example\"]",
      "mode": "managed",
      "type": "aws_eks_node_group",
      "name": "this",
      "provider": "provider[\"registry.terraform.io/hashicorp/aws\"]",
      "instances": [
        {
          "index_key": 0,
          "schema_version": 0,
          "attributes": {
            "ami_type": "AL2_x86_64",
            "arn": "arn:aws:eks:ap-south-1:453231788378:nodegroup/Three-Tier-K8s-EKS-Cluster/example-2024061716573805290000000f/28c81391-0011-3461-af02-c72ba9e9286c",
            "capacity_type": "SPOT",
            "cluster_name": "Three-Tier-K8s-EKS-Cluster",
            "disk_size": 0,
            "force_update_version": null,
            "id": "Three-Tier-K8s-EKS-Cluster:example-2024061716573805290000000f",
            "instance_types": [
              "t2.micro"
            ],
            "labels": null,
            "launch_template": [
              {
                "id": "lt-069843d21cff8e2cf",
                "name": "example-2024061716573770830000000d",
                "version": "1"
              }
            ],
            "node_group_name": "example-2024061716573805290000000f",
            "node_group_name_prefix": "example-",
            "node_role_arn": "arn:aws:iam::453231788378:role/example-eks-node-group-20240617164838322800000001",
            "release_version": "1.29.3-20240605",
            "remote_access": [],
            "resources": [
              {
                "autoscaling_groups": [
                  {
                    "name": "eks-example-2024061716573805290000000f-28c81391-0011-3461-af02-c72ba9e9286c"
                  }
                ],
                "remote_access_security_group_id": ""
              }
            ],
            "scaling_config": [
              {
                "desired_size": 1,
                "max_size": 3,
                "min_size": 1
              }
            ],
            "status": "ACTIVE",
            "subnet_ids": [
              "subnet-00f6193907426233d",
              "subnet-073139c2b6156c2cf",
              "subnet-0cc6efd16f1e9981a"
            ],
            "tags": {
              "Environment": "dev",
              "Name": "example",
              "Terraform": "true"
            },
            "tags_all": {
              "Environment": "dev",
              "Name": "example",
              "Terraform": "true"
            },
            "taint": [],
            "timeouts": {
              "create": null,
              "delete": null,
              "update": null
            },
            "update_config": [
              {
                "max_unavailable": 0,
                "max_unavailable_percentage": 33
              }
            ],
            "version": "1.29"
          },
          "sensitive_attributes": [],
          "private": "eyJlMmJmYjczMC1lY2FhLTExZTYtOGY4OC0zNDM2M2JjN2M0YzAiOnsiY3JlYXRlIjozNjAwMDAwMDAwMDAwLCJkZWxldGUiOjM2MDAwMDAwMDAwMDAsInVwZGF0ZSI6MzYwMDAwMDAwMDAwMH19",
          "dependencies": [
            "module.eks.aws_cloudwatch_log_group.this",
            "module.eks.aws_eks_cluster.this",
            "module.eks.aws_iam_policy.cni_ipv6_policy",
            "module.eks.aws_iam_role.this",
            "module.eks.aws_iam_role_policy_attachment.this",
            "module.eks.aws_security_group.cluster",
            "module.eks.aws_security_group.node",
            "module.eks.aws_security_group_rule.cluster",
            "module.eks.aws_security_group_rule.node",
            "module.eks.data.aws_caller_identity.current",
            "module.eks.data.aws_iam_policy_document.assume_role_policy",
            "module.eks.data.aws_iam_policy_document.cni_ipv6_policy",
            "module.eks.data.aws_iam_session_context.current",
            "module.eks.data.aws_partition.current",
            "module.eks.module.eks_managed_node_group.aws_iam_role.this",
            "module.eks.module.eks_managed_node_group.aws_iam_role_policy_attachment.this",
            "module.eks.module.eks_managed_node_group.aws_launch_template.this",
            "module.eks.module.eks_managed_node_group.aws_placement_group.this",
            "module.eks.module.eks_managed_node_group.data.aws_caller_identity.current",
            "module.eks.module.eks_managed_node_group.data.aws_ec2_instance_type.this",
            "module.eks.module.eks_managed_node_group.data.aws_ec2_instance_type_offerings.this",
            "module.eks.module.eks_managed_node_group.data.aws_iam_policy_document.assume_role_policy",
            "module.eks.module.eks_managed_node_group.data.aws_partition.current",
            "module.eks.module.eks_managed_node_group.data.aws_ssm_parameter.ami",
            "module.eks.module.eks_managed_node_group.data.aws_subnets.efa",
            "module.eks.module.eks_managed_node_group.module.user_data.data.cloudinit_config.al2023_eks_managed_node_group",
            "module.eks.module.eks_managed_node_group.module.user_data.data.cloudinit_config.linux_eks_managed_node_group",
            "module.eks.module.kms.aws_kms_external_key.this",
            "module.eks.module.kms.aws_kms_key.this",
            "module.eks.module.kms.aws_kms_replica_external_key.this",
            "module.eks.module.kms.aws_kms_replica_key.this",
            "module.eks.module.kms.data.aws_caller_identity.current",
            "module.eks.module.kms.data.aws_iam_policy_document.this",
            "module.eks.module.kms.data.aws_partition.current",
            "module.eks.time_sleep.this"
          ],
          "create_before_destroy": true
        }
      ]
    },
    {
      "module": "module.eks.module.eks_managed_node_group[\"example\"]",
      "mode": "managed",
      "type": "aws_iam_role",
      "name": "this",
      "provider": "provider[\"registry.terraform.io/hashicorp/aws\"]",
      "instances": [
        {
          "index_key": 0,
          "schema_version": 0,
          "attributes": {
            "arn": "arn:aws:iam::453231788378:role/example-eks-node-group-20240617164838322800000001",
            "assume_role_policy": "{\"Statement\":[{\"Action\":\"sts:AssumeRole\",\"Effect\":\"Allow\",\"Principal\":{\"Service\":\"ec2.amazonaws.com\"},\"Sid\":\"EKSNodeAssumeRole\"}],\"Version\":\"2012-10-17\"}",
            "create_date": "2024-06-17T16:48:39Z",
            "description": "EKS managed node group IAM role",
            "force_detach_policies": true,
            "id": "example-eks-node-group-20240617164838322800000001",
            "inline_policy": [],
            "managed_policy_arns": [],
            "max_session_duration": 3600,
            "name": "example-eks-node-group-20240617164838322800000001",
            "name_prefix": "example-eks-node-group-",
            "path": "/",
            "permissions_boundary": "",
            "tags": {
              "Environment": "dev",
              "Terraform": "true"
            },
            "tags_all": {
              "Environment": "dev",
              "Terraform": "true"
            },
            "unique_id": "AROAWTBVYIFNBFDYPP7Q6"
          },
          "sensitive_attributes": [],
          "private": "bnVsbA==",
          "dependencies": [
            "module.eks.module.eks_managed_node_group.data.aws_iam_policy_document.assume_role_policy"
          ],
          "create_before_destroy": true
        }
      ]
    },
    {
      "module": "module.eks.module.eks_managed_node_group[\"example\"]",
      "mode": "managed",
      "type": "aws_iam_role_policy_attachment",
      "name": "this",
      "provider": "provider[\"registry.terraform.io/hashicorp/aws\"]",
      "instances": [
        {
          "index_key": "AmazonEC2ContainerRegistryReadOnly",
          "schema_version": 0,
          "attributes": {
            "id": "example-eks-node-group-20240617164838322800000001-20240617164841973500000006",
            "policy_arn": "arn:aws:iam::aws:policy/AmazonEC2ContainerRegistryReadOnly",
            "role": "example-eks-node-group-20240617164838322800000001"
          },
          "sensitive_attributes": [],
          "private": "bnVsbA==",
          "dependencies": [
            "module.eks.module.eks_managed_node_group.aws_iam_role.this",
            "module.eks.module.eks_managed_node_group.data.aws_caller_identity.current",
            "module.eks.module.eks_managed_node_group.data.aws_iam_policy_document.assume_role_policy",
            "module.eks.module.eks_managed_node_group.data.aws_partition.current"
          ],
          "create_before_destroy": true
        },
        {
          "index_key": "AmazonEKSWorkerNodePolicy",
          "schema_version": 0,
          "attributes": {
            "id": "example-eks-node-group-20240617164838322800000001-20240617164842415400000007",
            "policy_arn": "arn:aws:iam::aws:policy/AmazonEKSWorkerNodePolicy",
            "role": "example-eks-node-group-20240617164838322800000001"
          },
          "sensitive_attributes": [],
          "private": "bnVsbA==",
          "dependencies": [
            "module.eks.module.eks_managed_node_group.aws_iam_role.this",
            "module.eks.module.eks_managed_node_group.data.aws_caller_identity.current",
            "module.eks.module.eks_managed_node_group.data.aws_iam_policy_document.assume_role_policy",
            "module.eks.module.eks_managed_node_group.data.aws_partition.current"
          ],
          "create_before_destroy": true
        },
        {
          "index_key": "AmazonEKS_CNI_Policy",
          "schema_version": 0,
          "attributes": {
            "id": "example-eks-node-group-20240617164838322800000001-20240617164842539000000008",
            "policy_arn": "arn:aws:iam::aws:policy/AmazonEKS_CNI_Policy",
            "role": "example-eks-node-group-20240617164838322800000001"
          },
          "sensitive_attributes": [],
          "private": "bnVsbA==",
          "dependencies": [
            "module.eks.module.eks_managed_node_group.aws_iam_role.this",
            "module.eks.module.eks_managed_node_group.data.aws_caller_identity.current",
            "module.eks.module.eks_managed_node_group.data.aws_iam_policy_document.assume_role_policy",
            "module.eks.module.eks_managed_node_group.data.aws_partition.current"
          ],
          "create_before_destroy": true
        }
      ]
    },
    {
      "module": "module.eks.module.eks_managed_node_group[\"example\"]",
      "mode": "managed",
      "type": "aws_launch_template",
      "name": "this",
      "provider": "provider[\"registry.terraform.io/hashicorp/aws\"]",
      "instances": [
        {
          "index_key": 0,
          "schema_version": 0,
          "attributes": {
            "arn": "arn:aws:ec2:ap-south-1:453231788378:launch-template/lt-069843d21cff8e2cf",
            "block_device_mappings": [],
            "capacity_reservation_specification": [],
            "cpu_options": [],
            "credit_specification": [],
            "default_version": 1,
            "description": "Custom launch template for example EKS managed node group",
            "disable_api_stop": false,
            "disable_api_termination": false,
            "ebs_optimized": "",
            "elastic_gpu_specifications": [],
            "elastic_inference_accelerator": [],
            "enclave_options": [],
            "hibernation_options": [],
            "iam_instance_profile": [],
            "id": "lt-069843d21cff8e2cf",
            "image_id": "",
            "instance_initiated_shutdown_behavior": "",
            "instance_market_options": [],
            "instance_requirements": [],
            "instance_type": "",
            "kernel_id": "",
            "key_name": "",
            "latest_version": 1,
            "license_specification": [],
            "maintenance_options": [],
            "metadata_options": [
              {
                "http_endpoint": "enabled",
                "http_protocol_ipv6": "",
                "http_put_response_hop_limit": 2,
                "http_tokens": "required",
                "instance_metadata_tags": ""
              }
            ],
            "monitoring": [
              {
                "enabled": true
              }
            ],
            "name": "example-2024061716573770830000000d",
            "name_prefix": "example-",
            "network_interfaces": [],
            "placement": [],
            "private_dns_name_options": [],
            "ram_disk_id": "",
            "security_group_names": null,
            "tag_specifications": [
              {
                "resource_type": "instance",
                "tags": {
                  "Environment": "dev",
                  "Name": "example",
                  "Terraform": "true"
                }
              },
              {
                "resource_type": "network-interface",
                "tags": {
                  "Environment": "dev",
                  "Name": "example",
                  "Terraform": "true"
                }
              },
              {
                "resource_type": "volume",
                "tags": {
                  "Environment": "dev",
                  "Name": "example",
                  "Terraform": "true"
                }
              }
            ],
            "tags": {
              "Environment": "dev",
              "Terraform": "true"
            },
            "tags_all": {
              "Environment": "dev",
              "Terraform": "true"
            },
            "update_default_version": true,
            "user_data": "",
            "vpc_security_group_ids": [
              "sg-01b2c31513a4a2665"
            ]
          },
          "sensitive_attributes": [],
          "private": "bnVsbA==",
          "dependencies": [
            "module.eks.aws_cloudwatch_log_group.this",
            "module.eks.aws_eks_cluster.this",
            "module.eks.aws_iam_policy.cni_ipv6_policy",
            "module.eks.aws_iam_role.this",
            "module.eks.aws_iam_role_policy_attachment.this",
            "module.eks.aws_security_group.cluster",
            "module.eks.aws_security_group.node",
            "module.eks.aws_security_group_rule.cluster",
            "module.eks.aws_security_group_rule.node",
            "module.eks.data.aws_caller_identity.current",
            "module.eks.data.aws_iam_policy_document.assume_role_policy",
            "module.eks.data.aws_iam_policy_document.cni_ipv6_policy",
            "module.eks.data.aws_iam_session_context.current",
            "module.eks.data.aws_partition.current",
            "module.eks.module.eks_managed_node_group.aws_iam_role.this",
            "module.eks.module.eks_managed_node_group.aws_iam_role_policy_attachment.this",
            "module.eks.module.eks_managed_node_group.aws_placement_group.this",
            "module.eks.module.eks_managed_node_group.data.aws_caller_identity.current",
            "module.eks.module.eks_managed_node_group.data.aws_ec2_instance_type.this",
            "module.eks.module.eks_managed_node_group.data.aws_iam_policy_document.assume_role_policy",
            "module.eks.module.eks_managed_node_group.data.aws_partition.current",
            "module.eks.module.eks_managed_node_group.module.user_data.data.cloudinit_config.al2023_eks_managed_node_group",
            "module.eks.module.eks_managed_node_group.module.user_data.data.cloudinit_config.linux_eks_managed_node_group",
            "module.eks.module.kms.aws_kms_external_key.this",
            "module.eks.module.kms.aws_kms_key.this",
            "module.eks.module.kms.aws_kms_replica_external_key.this",
            "module.eks.module.kms.aws_kms_replica_key.this",
            "module.eks.module.kms.data.aws_caller_identity.current",
            "module.eks.module.kms.data.aws_iam_policy_document.this",
            "module.eks.module.kms.data.aws_partition.current",
            "module.eks.time_sleep.this"
          ],
          "create_before_destroy": true
        }
      ]
    },
    {
      "module": "module.eks.module.eks_managed_node_group[\"example\"]",
      "mode": "managed",
      "type": "aws_placement_group",
      "name": "this",
      "provider": "provider[\"registry.terraform.io/hashicorp/aws\"]",
      "instances": []
    },
    {
      "module": "module.eks.module.eks_managed_node_group[\"example\"].module.user_data",
      "mode": "data",
      "type": "cloudinit_config",
      "name": "al2023_eks_managed_node_group",
      "provider": "provider[\"registry.terraform.io/hashicorp/cloudinit\"]",
      "instances": []
    },
    {
      "module": "module.eks.module.eks_managed_node_group[\"example\"].module.user_data",
      "mode": "data",
      "type": "cloudinit_config",
      "name": "linux_eks_managed_node_group",
      "provider": "provider[\"registry.terraform.io/hashicorp/cloudinit\"]",
      "instances": []
    },
    {
      "module": "module.eks.module.eks_managed_node_group[\"example\"].module.user_data",
      "mode": "managed",
      "type": "null_resource",
      "name": "validate_cluster_service_cidr",
      "provider": "provider[\"registry.terraform.io/hashicorp/null\"]",
      "instances": [
        {
          "schema_version": 0,
          "attributes": {
            "id": "709898504",
            "triggers": null
          },
          "sensitive_attributes": [],
          "dependencies": [
            "module.eks.aws_cloudwatch_log_group.this",
            "module.eks.aws_eks_cluster.this",
            "module.eks.aws_iam_policy.cni_ipv6_policy",
            "module.eks.aws_iam_role.this",
            "module.eks.aws_iam_role_policy_attachment.this",
            "module.eks.aws_security_group.cluster",
            "module.eks.aws_security_group.node",
            "module.eks.aws_security_group_rule.cluster",
            "module.eks.aws_security_group_rule.node",
            "module.eks.data.aws_caller_identity.current",
            "module.eks.data.aws_iam_policy_document.assume_role_policy",
            "module.eks.data.aws_iam_policy_document.cni_ipv6_policy",
            "module.eks.data.aws_iam_session_context.current",
            "module.eks.data.aws_partition.current",
            "module.eks.module.kms.aws_kms_external_key.this",
            "module.eks.module.kms.aws_kms_key.this",
            "module.eks.module.kms.aws_kms_replica_external_key.this",
            "module.eks.module.kms.aws_kms_replica_key.this",
            "module.eks.module.kms.data.aws_caller_identity.current",
            "module.eks.module.kms.data.aws_iam_policy_document.this",
            "module.eks.module.kms.data.aws_partition.current",
            "module.eks.time_sleep.this"
          ]
        }
      ]
    },
    {
      "module": "module.eks.module.kms",
      "mode": "data",
      "type": "aws_caller_identity",
      "name": "current",
      "provider": "provider[\"registry.terraform.io/hashicorp/aws\"]",
      "instances": [
        {
          "index_key": 0,
          "schema_version": 0,
          "attributes": {
            "account_id": "453231788378",
            "arn": "arn:aws:iam::453231788378:user/MyCrystalRoot-IAM",
            "id": "453231788378",
            "user_id": "AIDAWTBVYIFNCUBNE5MHZ"
          },
          "sensitive_attributes": []
        }
      ]
    },
    {
      "module": "module.eks.module.kms",
      "mode": "data",
      "type": "aws_iam_policy_document",
      "name": "this",
      "provider": "provider[\"registry.terraform.io/hashicorp/aws\"]",
      "instances": [
        {
          "index_key": 0,
          "schema_version": 0,
          "attributes": {
            "id": "2100065528",
            "json": "{\n  \"Version\": \"2012-10-17\",\n  \"Statement\": [\n    {\n      \"Sid\": \"Default\",\n      \"Effect\": \"Allow\",\n      \"Action\": \"kms:*\",\n      \"Resource\": \"*\",\n      \"Principal\": {\n        \"AWS\": \"arn:aws:iam::453231788378:root\"\n      }\n    },\n    {\n      \"Sid\": \"KeyAdministration\",\n      \"Effect\": \"Allow\",\n      \"Action\": [\n        \"kms:Update*\",\n        \"kms:UntagResource\",\n        \"kms:TagResource\",\n        \"kms:ScheduleKeyDeletion\",\n        \"kms:Revoke*\",\n        \"kms:ReplicateKey\",\n        \"kms:Put*\",\n        \"kms:List*\",\n        \"kms:ImportKeyMaterial\",\n        \"kms:Get*\",\n        \"kms:Enable*\",\n        \"kms:Disable*\",\n        \"kms:Describe*\",\n        \"kms:Delete*\",\n        \"kms:Create*\",\n        \"kms:CancelKeyDeletion\"\n      ],\n      \"Resource\": \"*\",\n      \"Principal\": {\n        \"AWS\": \"arn:aws:iam::453231788378:user/MyCrystalRoot-IAM\"\n      }\n    },\n    {\n      \"Sid\": \"KeyUsage\",\n      \"Effect\": \"Allow\",\n      \"Action\": [\n        \"kms:ReEncrypt*\",\n        \"kms:GenerateDataKey*\",\n        \"kms:Encrypt\",\n        \"kms:DescribeKey\",\n        \"kms:Decrypt\"\n      ],\n      \"Resource\": \"*\",\n      \"Principal\": {\n        \"AWS\": \"arn:aws:iam::453231788378:role/Three-Tier-K8s-EKS-Cluster-cluster-20240617164838322800000004\"\n      }\n    }\n  ]\n}",
            "override_json": null,
            "override_policy_documents": null,
            "policy_id": null,
            "source_json": null,
            "source_policy_documents": null,
            "statement": [
              {
                "actions": [
                  "kms:*"
                ],
                "condition": [],
                "effect": "Allow",
                "not_actions": [],
                "not_principals": [],
                "not_resources": [],
                "principals": [
                  {
                    "identifiers": [
                      "arn:aws:iam::453231788378:root"
                    ],
                    "type": "AWS"
                  }
                ],
                "resources": [
                  "*"
                ],
                "sid": "Default"
              },
              {
                "actions": [
                  "kms:CancelKeyDeletion",
                  "kms:Create*",
                  "kms:Delete*",
                  "kms:Describe*",
                  "kms:Disable*",
                  "kms:Enable*",
                  "kms:Get*",
                  "kms:ImportKeyMaterial",
                  "kms:List*",
                  "kms:Put*",
                  "kms:ReplicateKey",
                  "kms:Revoke*",
                  "kms:ScheduleKeyDeletion",
                  "kms:TagResource",
                  "kms:UntagResource",
                  "kms:Update*"
                ],
                "condition": [],
                "effect": "Allow",
                "not_actions": [],
                "not_principals": [],
                "not_resources": [],
                "principals": [
                  {
                    "identifiers": [
                      "arn:aws:iam::453231788378:user/MyCrystalRoot-IAM"
                    ],
                    "type": "AWS"
                  }
                ],
                "resources": [
                  "*"
                ],
                "sid": "KeyAdministration"
              },
              {
                "actions": [
                  "kms:Decrypt",
                  "kms:DescribeKey",
                  "kms:Encrypt",
                  "kms:GenerateDataKey*",
                  "kms:ReEncrypt*"
                ],
                "condition": [],
                "effect": "Allow",
                "not_actions": [],
                "not_principals": [],
                "not_resources": [],
                "principals": [
                  {
                    "identifiers": [
                      "arn:aws:iam::453231788378:role/Three-Tier-K8s-EKS-Cluster-cluster-20240617164838322800000004"
                    ],
                    "type": "AWS"
                  }
                ],
                "resources": [
                  "*"
                ],
                "sid": "KeyUsage"
              }
            ],
            "version": "2012-10-17"
          },
          "sensitive_attributes": []
        }
      ]
    },
    {
      "module": "module.eks.module.kms",
      "mode": "data",
      "type": "aws_partition",
      "name": "current",
      "provider": "provider[\"registry.terraform.io/hashicorp/aws\"]",
      "instances": [
        {
          "index_key": 0,
          "schema_version": 0,
          "attributes": {
            "dns_suffix": "amazonaws.com",
            "id": "aws",
            "partition": "aws",
            "reverse_dns_prefix": "com.amazonaws"
          },
          "sensitive_attributes": []
        }
      ]
    },
    {
      "module": "module.eks.module.kms",
      "mode": "managed",
      "type": "aws_kms_alias",
      "name": "this",
      "provider": "provider[\"registry.terraform.io/hashicorp/aws\"]",
      "instances": [
        {
          "index_key": "cluster",
          "schema_version": 0,
          "attributes": {
            "arn": "arn:aws:kms:ap-south-1:453231788378:alias/eks/Three-Tier-K8s-EKS-Cluster",
            "id": "alias/eks/Three-Tier-K8s-EKS-Cluster",
            "name": "alias/eks/Three-Tier-K8s-EKS-Cluster",
            "name_prefix": "",
            "target_key_arn": "arn:aws:kms:ap-south-1:453231788378:key/cabb10f9-41bb-49b8-b99a-e518ebb06db9",
            "target_key_id": "cabb10f9-41bb-49b8-b99a-e518ebb06db9"
          },
          "sensitive_attributes": [],
          "private": "bnVsbA==",
          "dependencies": [
            "module.eks.aws_iam_role.this",
            "module.eks.data.aws_caller_identity.current",
            "module.eks.data.aws_iam_policy_document.assume_role_policy",
            "module.eks.data.aws_iam_session_context.current",
            "module.eks.module.kms.aws_kms_external_key.this",
            "module.eks.module.kms.aws_kms_key.this",
            "module.eks.module.kms.aws_kms_replica_external_key.this",
            "module.eks.module.kms.aws_kms_replica_key.this",
            "module.eks.module.kms.data.aws_caller_identity.current",
            "module.eks.module.kms.data.aws_iam_policy_document.this",
            "module.eks.module.kms.data.aws_partition.current"
          ]
        }
      ]
    },
    {
      "module": "module.eks.module.kms",
      "mode": "managed",
      "type": "aws_kms_external_key",
      "name": "this",
      "provider": "provider[\"registry.terraform.io/hashicorp/aws\"]",
      "instances": []
    },
    {
      "module": "module.eks.module.kms",
      "mode": "managed",
      "type": "aws_kms_key",
      "name": "this",
      "provider": "provider[\"registry.terraform.io/hashicorp/aws\"]",
      "instances": [
        {
          "index_key": 0,
          "schema_version": 0,
          "attributes": {
            "arn": "arn:aws:kms:ap-south-1:453231788378:key/cabb10f9-41bb-49b8-b99a-e518ebb06db9",
            "bypass_policy_lockout_safety_check": false,
            "custom_key_store_id": "",
            "customer_master_key_spec": "SYMMETRIC_DEFAULT",
            "deletion_window_in_days": null,
            "description": "Three-Tier-K8s-EKS-Cluster cluster encryption key",
            "enable_key_rotation": true,
            "id": "cabb10f9-41bb-49b8-b99a-e518ebb06db9",
            "is_enabled": true,
            "key_id": "cabb10f9-41bb-49b8-b99a-e518ebb06db9",
            "key_usage": "ENCRYPT_DECRYPT",
            "multi_region": false,
            "policy": "{\"Statement\":[{\"Action\":\"kms:*\",\"Effect\":\"Allow\",\"Principal\":{\"AWS\":\"arn:aws:iam::453231788378:root\"},\"Resource\":\"*\",\"Sid\":\"Default\"},{\"Action\":[\"kms:Update*\",\"kms:UntagResource\",\"kms:TagResource\",\"kms:ScheduleKeyDeletion\",\"kms:Revoke*\",\"kms:ReplicateKey\",\"kms:Put*\",\"kms:List*\",\"kms:ImportKeyMaterial\",\"kms:Get*\",\"kms:Enable*\",\"kms:Disable*\",\"kms:Describe*\",\"kms:Delete*\",\"kms:Create*\",\"kms:CancelKeyDeletion\"],\"Effect\":\"Allow\",\"Principal\":{\"AWS\":\"arn:aws:iam::453231788378:user/MyCrystalRoot-IAM\"},\"Resource\":\"*\",\"Sid\":\"KeyAdministration\"},{\"Action\":[\"kms:ReEncrypt*\",\"kms:GenerateDataKey*\",\"kms:Encrypt\",\"kms:DescribeKey\",\"kms:Decrypt\"],\"Effect\":\"Allow\",\"Principal\":{\"AWS\":\"arn:aws:iam::453231788378:role/Three-Tier-K8s-EKS-Cluster-cluster-20240617164838322800000004\"},\"Resource\":\"*\",\"Sid\":\"KeyUsage\"}],\"Version\":\"2012-10-17\"}",
            "tags": {
              "Environment": "dev",
              "Terraform": "true",
              "terraform-aws-modules": "eks"
            },
            "tags_all": {
              "Environment": "dev",
              "Terraform": "true",
              "terraform-aws-modules": "eks"
            },
            "timeouts": null,
            "xks_key_id": ""
          },
          "sensitive_attributes": [],
          "private": "eyJlMmJmYjczMC1lY2FhLTExZTYtOGY4OC0zNDM2M2JjN2M0YzAiOnsiY3JlYXRlIjoxMjAwMDAwMDAwMDB9fQ==",
          "dependencies": [
            "module.eks.aws_iam_role.this",
            "module.eks.data.aws_caller_identity.current",
            "module.eks.data.aws_iam_policy_document.assume_role_policy",
            "module.eks.data.aws_iam_session_context.current",
            "module.eks.module.kms.data.aws_caller_identity.current",
            "module.eks.module.kms.data.aws_iam_policy_document.this",
            "module.eks.module.kms.data.aws_partition.current"
          ],
          "create_before_destroy": true
        }
      ]
    },
    {
      "module": "module.eks.module.kms",
      "mode": "managed",
      "type": "aws_kms_replica_external_key",
      "name": "this",
      "provider": "provider[\"registry.terraform.io/hashicorp/aws\"]",
      "instances": []
    },
    {
      "module": "module.eks.module.kms",
      "mode": "managed",
      "type": "aws_kms_replica_key",
      "name": "this",
      "provider": "provider[\"registry.terraform.io/hashicorp/aws\"]",
      "instances": []
    }
  ],
  "check_results": [
    {
      "object_kind": "resource",
      "config_addr": "module.eks.module.eks_managed_node_group.module.user_data.null_resource.validate_cluster_service_cidr",
      "status": "pass",
      "objects": [
        {
          "object_addr": "module.eks.module.eks_managed_node_group[\"example\"].module.user_data.null_resource.validate_cluster_service_cidr",
          "status": "pass"
        }
      ]
    },
    {
      "object_kind": "resource",
      "config_addr": "module.eks.module.self_managed_node_group.module.user_data.null_resource.validate_cluster_service_cidr",
      "status": "pass",
      "objects": null
    }
  ]
}
